// !$*UTF8*$!
{
	archiveVersion = 1;
	classes = {
	};
	objectVersion = 46;
	objects = {

/* Begin PBXBuildFile section */
		06B44AB28C8FBEE9792D75DF /* FBSDKCoreKit.framework in Frameworks */ = {isa = PBXBuildFile; fileRef = 42B04FBF8204340F26FDE075 /* FBSDKCoreKit.framework */; };
		1268420D8C656593EBB1BBEA /* PluginFacebook.framework in Frameworks */ = {isa = PBXBuildFile; fileRef = 16B144C2B241195FB2F7DBDF /* PluginFacebook.framework */; };
		1AC6FB21180E996B004C840B /* libcocos2d Mac.a in Frameworks */ = {isa = PBXBuildFile; fileRef = 1AC6FAF9180E9839004C840B /* libcocos2d Mac.a */; };
		1AC6FB30180E99EB004C840B /* libcocos2d iOS.a in Frameworks */ = {isa = PBXBuildFile; fileRef = 1AC6FB07180E9839004C840B /* libcocos2d iOS.a */; };
		1D60589F0D05DD5A006BFB54 /* Foundation.framework in Frameworks */ = {isa = PBXBuildFile; fileRef = 1D30AB110D05D00D00671497 /* Foundation.framework */; };
		1DF5F4E00D08C38300B7A737 /* UIKit.framework in Frameworks */ = {isa = PBXBuildFile; fileRef = 1DF5F4DF0D08C38300B7A737 /* UIKit.framework */; };
		241E4FA58074205B445032E6 /* sdkbox_config.json in Resources */ = {isa = PBXBuildFile; fileRef = C0D2452DB21FF20706B855D9 /* sdkbox_config.json */; };
		288765A50DF7441C002DB57D /* CoreGraphics.framework in Frameworks */ = {isa = PBXBuildFile; fileRef = 288765A40DF7441C002DB57D /* CoreGraphics.framework */; };
		294D0D641D0D56D500F7F5D4 /* CoreText.framework in Frameworks */ = {isa = PBXBuildFile; fileRef = 294D0D631D0D56D500F7F5D4 /* CoreText.framework */; };
		30D94495BA065ACEB675F5DB /* Bolts.framework in Frameworks */ = {isa = PBXBuildFile; fileRef = 8FEA4E10A0BFB7C2E99EA202 /* Bolts.framework */; };
		400948FBA9C30C18A33E2E7F /* SystemConfiguration.framework in Frameworks */ = {isa = PBXBuildFile; fileRef = D84F4B168A5D74CB0840D32D /* SystemConfiguration.framework */; };
		503AE0F817EB97AB00D1A890 /* Icon.icns in Resources */ = {isa = PBXBuildFile; fileRef = 503AE0F617EB97AB00D1A890 /* Icon.icns */; };
		503AE10017EB989F00D1A890 /* AppController.mm in Sources */ = {isa = PBXBuildFile; fileRef = 503AE0FB17EB989F00D1A890 /* AppController.mm */; };
		503AE10117EB989F00D1A890 /* main.m in Sources */ = {isa = PBXBuildFile; fileRef = 503AE0FC17EB989F00D1A890 /* main.m */; };
		503AE10217EB989F00D1A890 /* RootViewController.mm in Sources */ = {isa = PBXBuildFile; fileRef = 503AE0FF17EB989F00D1A890 /* RootViewController.mm */; };
		503AE10517EB98FF00D1A890 /* main.cpp in Sources */ = {isa = PBXBuildFile; fileRef = 503AE10317EB98FF00D1A890 /* main.cpp */; };
		503AE11B17EB9C5A00D1A890 /* IOKit.framework in Frameworks */ = {isa = PBXBuildFile; fileRef = 503AE11A17EB9C5A00D1A890 /* IOKit.framework */; };
		5087E76317EB910900C73F5D /* Foundation.framework in Frameworks */ = {isa = PBXBuildFile; fileRef = 1D30AB110D05D00D00671497 /* Foundation.framework */; };
		5087E76717EB910900C73F5D /* libz.dylib in Frameworks */ = {isa = PBXBuildFile; fileRef = BF170DB412928DE900B8313A /* libz.dylib */; };
		5087E76817EB910900C73F5D /* QuartzCore.framework in Frameworks */ = {isa = PBXBuildFile; fileRef = BF1C47EA1293683800B63C5D /* QuartzCore.framework */; };
		5087E76917EB910900C73F5D /* OpenAL.framework in Frameworks */ = {isa = PBXBuildFile; fileRef = D44C620B132DFF330009C878 /* OpenAL.framework */; };
		5087E76A17EB910900C73F5D /* AVFoundation.framework in Frameworks */ = {isa = PBXBuildFile; fileRef = D44C620D132DFF430009C878 /* AVFoundation.framework */; };
		5087E76B17EB910900C73F5D /* AudioToolbox.framework in Frameworks */ = {isa = PBXBuildFile; fileRef = D44C620F132DFF4E0009C878 /* AudioToolbox.framework */; };
		5087E77D17EB970100C73F5D /* Default-568h@2x.png in Resources */ = {isa = PBXBuildFile; fileRef = 5087E77217EB970100C73F5D /* Default-568h@2x.png */; };
		5087E77E17EB970100C73F5D /* Default.png in Resources */ = {isa = PBXBuildFile; fileRef = 5087E77317EB970100C73F5D /* Default.png */; };
		5087E77F17EB970100C73F5D /* Default@2x.png in Resources */ = {isa = PBXBuildFile; fileRef = 5087E77417EB970100C73F5D /* Default@2x.png */; };
		5087E78017EB970100C73F5D /* Icon-114.png in Resources */ = {isa = PBXBuildFile; fileRef = 5087E77517EB970100C73F5D /* Icon-114.png */; };
		5087E78117EB970100C73F5D /* Icon-120.png in Resources */ = {isa = PBXBuildFile; fileRef = 5087E77617EB970100C73F5D /* Icon-120.png */; };
		5087E78217EB970100C73F5D /* Icon-144.png in Resources */ = {isa = PBXBuildFile; fileRef = 5087E77717EB970100C73F5D /* Icon-144.png */; };
		5087E78317EB970100C73F5D /* Icon-152.png in Resources */ = {isa = PBXBuildFile; fileRef = 5087E77817EB970100C73F5D /* Icon-152.png */; };
		5087E78417EB970100C73F5D /* Icon-57.png in Resources */ = {isa = PBXBuildFile; fileRef = 5087E77917EB970100C73F5D /* Icon-57.png */; };
		5087E78517EB970100C73F5D /* Icon-72.png in Resources */ = {isa = PBXBuildFile; fileRef = 5087E77A17EB970100C73F5D /* Icon-72.png */; };
		5087E78617EB970100C73F5D /* Icon-76.png in Resources */ = {isa = PBXBuildFile; fileRef = 5087E77B17EB970100C73F5D /* Icon-76.png */; };
		5087E78917EB974C00C73F5D /* AppKit.framework in Frameworks */ = {isa = PBXBuildFile; fileRef = 5087E78817EB974C00C73F5D /* AppKit.framework */; };
		5087E78B17EB975400C73F5D /* OpenGL.framework in Frameworks */ = {isa = PBXBuildFile; fileRef = 5087E78A17EB975400C73F5D /* OpenGL.framework */; };
		50EF629617ECD46A001EB2F8 /* Icon-40.png in Resources */ = {isa = PBXBuildFile; fileRef = 50EF629217ECD46A001EB2F8 /* Icon-40.png */; };
		50EF629717ECD46A001EB2F8 /* Icon-58.png in Resources */ = {isa = PBXBuildFile; fileRef = 50EF629317ECD46A001EB2F8 /* Icon-58.png */; };
		50EF629817ECD46A001EB2F8 /* Icon-80.png in Resources */ = {isa = PBXBuildFile; fileRef = 50EF629417ECD46A001EB2F8 /* Icon-80.png */; };
		50EF629917ECD46A001EB2F8 /* Icon-100.png in Resources */ = {isa = PBXBuildFile; fileRef = 50EF629517ECD46A001EB2F8 /* Icon-100.png */; };
		50EF62A217ECD613001EB2F8 /* Icon-29.png in Resources */ = {isa = PBXBuildFile; fileRef = 50EF62A017ECD613001EB2F8 /* Icon-29.png */; };
		50EF62A317ECD613001EB2F8 /* Icon-50.png in Resources */ = {isa = PBXBuildFile; fileRef = 50EF62A117ECD613001EB2F8 /* Icon-50.png */; };
		521A8E6419F0C34300D177D7 /* Default-667h@2x.png in Resources */ = {isa = PBXBuildFile; fileRef = 521A8E6219F0C34300D177D7 /* Default-667h@2x.png */; };
		521A8E6519F0C34300D177D7 /* Default-736h@3x.png in Resources */ = {isa = PBXBuildFile; fileRef = 521A8E6319F0C34300D177D7 /* Default-736h@3x.png */; };
		52B47A471A53D09C004E4C60 /* Security.framework in Frameworks */ = {isa = PBXBuildFile; fileRef = 52B47A461A53D09B004E4C60 /* Security.framework */; };
		62FA414A89C72A073A8BB5C8 /* sdkbox.framework in Frameworks */ = {isa = PBXBuildFile; fileRef = C6E24F908BD8DCE16585CBDD /* sdkbox.framework */; };
		716A4EE9B1F5BEB70ACE590F /* FBSDKLoginKit.framework in Frameworks */ = {isa = PBXBuildFile; fileRef = A2C24B2598432E2CD998C302 /* FBSDKLoginKit.framework */; };
		8262943E1AAF051F00CB7CF7 /* Security.framework in Frameworks */ = {isa = PBXBuildFile; fileRef = 8262943D1AAF051F00CB7CF7 /* Security.framework */; };
		BF171245129291EC00B8313A /* OpenGLES.framework in Frameworks */ = {isa = PBXBuildFile; fileRef = BF170DB012928DE900B8313A /* OpenGLES.framework */; };
		BF1712471292920000B8313A /* libz.dylib in Frameworks */ = {isa = PBXBuildFile; fileRef = BF170DB412928DE900B8313A /* libz.dylib */; };
		BF1C47F01293687400B63C5D /* QuartzCore.framework in Frameworks */ = {isa = PBXBuildFile; fileRef = BF1C47EA1293683800B63C5D /* QuartzCore.framework */; };
		D44C620C132DFF330009C878 /* OpenAL.framework in Frameworks */ = {isa = PBXBuildFile; fileRef = D44C620B132DFF330009C878 /* OpenAL.framework */; };
		D44C620E132DFF430009C878 /* AVFoundation.framework in Frameworks */ = {isa = PBXBuildFile; fileRef = D44C620D132DFF430009C878 /* AVFoundation.framework */; };
		D44C6210132DFF4E0009C878 /* AudioToolbox.framework in Frameworks */ = {isa = PBXBuildFile; fileRef = D44C620F132DFF4E0009C878 /* AudioToolbox.framework */; };
		D6B0611B1803AB670077942B /* CoreMotion.framework in Frameworks */ = {isa = PBXBuildFile; fileRef = D6B0611A1803AB670077942B /* CoreMotion.framework */; };
		DD97440586C738E56F1846BF /* FBSDKShareKit.framework in Frameworks */ = {isa = PBXBuildFile; fileRef = 8C4F4A03904A4D1BBE1F9D23 /* FBSDKShareKit.framework */; };
		E41141B5B9DB615B26D3EBEC /* AdSupport.framework in Frameworks */ = {isa = PBXBuildFile; fileRef = F6BE4C118113F25FB67FA493 /* AdSupport.framework */; };
		EBB5570E202BFE5000BD6781 /* ButtonNormal.png in Resources */ = {isa = PBXBuildFile; fileRef = EBB556F4202BFE4E00BD6781 /* ButtonNormal.png */; };
		EBB5570F202BFE5000BD6781 /* FacebookLogoutButtonSelected.png in Resources */ = {isa = PBXBuildFile; fileRef = EBB556F5202BFE4E00BD6781 /* FacebookLogoutButtonSelected.png */; };
		EBB55710202BFE5000BD6781 /* mainspritecharaidlespritesheet.png in Resources */ = {isa = PBXBuildFile; fileRef = EBB556F6202BFE4E00BD6781 /* mainspritecharaidlespritesheet.png */; };
		EBB55711202BFE5000BD6781 /* ButtonSelected.png in Resources */ = {isa = PBXBuildFile; fileRef = EBB556F7202BFE4E00BD6781 /* ButtonSelected.png */; };
		EBB55712202BFE5000BD6781 /* fonts in Resources */ = {isa = PBXBuildFile; fileRef = EBB556F8202BFE4E00BD6781 /* fonts */; };
		EBB55713202BFE5000BD6781 /* ProgressBar.png in Resources */ = {isa = PBXBuildFile; fileRef = EBB556F9202BFE4E00BD6781 /* ProgressBar.png */; };
		EBB55714202BFE5000BD6781 /* Shaders in Resources */ = {isa = PBXBuildFile; fileRef = EBB556FA202BFE4E00BD6781 /* Shaders */; };
		EBB55715202BFE5000BD6781 /* SliderBar.png in Resources */ = {isa = PBXBuildFile; fileRef = EBB556FB202BFE4E00BD6781 /* SliderBar.png */; };
		EBB55716202BFE5000BD6781 /* Tileset in Resources */ = {isa = PBXBuildFile; fileRef = EBB556FC202BFE4E00BD6781 /* Tileset */; };
		EBB55717202BFE5000BD6781 /* FacebookLoginButton.png in Resources */ = {isa = PBXBuildFile; fileRef = EBB556FD202BFE4E00BD6781 /* FacebookLoginButton.png */; };
		EBB55718202BFE5000BD6781 /* BackButton.png in Resources */ = {isa = PBXBuildFile; fileRef = EBB556FE202BFE4E00BD6781 /* BackButton.png */; };
		EBB55719202BFE5000BD6781 /* FacebookLoginButtonSelected.png in Resources */ = {isa = PBXBuildFile; fileRef = EBB556FF202BFE4E00BD6781 /* FacebookLoginButtonSelected.png */; };
		EBB5571A202BFE5000BD6781 /* Textures in Resources */ = {isa = PBXBuildFile; fileRef = EBB55700202BFE4E00BD6781 /* Textures */; };
		EBB5571B202BFE5000BD6781 /* Player in Resources */ = {isa = PBXBuildFile; fileRef = EBB55701202BFE4F00BD6781 /* Player */; };
		EBB5571C202BFE5000BD6781 /* FacebookButtonSelected.png in Resources */ = {isa = PBXBuildFile; fileRef = EBB55702202BFE4F00BD6781 /* FacebookButtonSelected.png */; };
		EBB5571D202BFE5000BD6781 /* CloseSelected.png in Resources */ = {isa = PBXBuildFile; fileRef = EBB55703202BFE4F00BD6781 /* CloseSelected.png */; };
		EBB5571E202BFE5000BD6781 /* FacebookButton.png in Resources */ = {isa = PBXBuildFile; fileRef = EBB55704202BFE4F00BD6781 /* FacebookButton.png */; };
		EBB5571F202BFE5000BD6781 /* CloseNormal.png in Resources */ = {isa = PBXBuildFile; fileRef = EBB55705202BFE4F00BD6781 /* CloseNormal.png */; };
		EBB55720202BFE5000BD6781 /* SpriteAnim in Resources */ = {isa = PBXBuildFile; fileRef = EBB55706202BFE4F00BD6781 /* SpriteAnim */; };
		EBB55721202BFE5000BD6781 /* PauseIcon.png in Resources */ = {isa = PBXBuildFile; fileRef = EBB55707202BFE4F00BD6781 /* PauseIcon.png */; };
		EBB55722202BFE5000BD6781 /* PlaceHolder in Resources */ = {isa = PBXBuildFile; fileRef = EBB55708202BFE4F00BD6781 /* PlaceHolder */; };
		EBB55723202BFE5000BD6781 /* Audio in Resources */ = {isa = PBXBuildFile; fileRef = EBB55709202BFE4F00BD6781 /* Audio */; };
		EBB55724202BFE5000BD6781 /* HelloWorld.png in Resources */ = {isa = PBXBuildFile; fileRef = EBB5570A202BFE4F00BD6781 /* HelloWorld.png */; };
		EBB55725202BFE5000BD6781 /* FacebookLogoutButton.png in Resources */ = {isa = PBXBuildFile; fileRef = EBB5570B202BFE5000BD6781 /* FacebookLogoutButton.png */; };
		EBB55726202BFE5000BD6781 /* GameData in Resources */ = {isa = PBXBuildFile; fileRef = EBB5570C202BFE5000BD6781 /* GameData */; };
		EBB55727202BFE5000BD6781 /* SliderBall.png in Resources */ = {isa = PBXBuildFile; fileRef = EBB5570D202BFE5000BD6781 /* SliderBall.png */; };
		EBB5572A202C001600BD6781 /* AppDelegate.cpp in Sources */ = {isa = PBXBuildFile; fileRef = EBB55729202C001500BD6781 /* AppDelegate.cpp */; };
		EBB55737202C002200BD6781 /* GTAnimTransAct.cpp in Sources */ = {isa = PBXBuildFile; fileRef = EBB55731202C002200BD6781 /* GTAnimTransAct.cpp */; };
		EBB55738202C002200BD6781 /* GTAnimationHandlerNode.cpp in Sources */ = {isa = PBXBuildFile; fileRef = EBB55732202C002200BD6781 /* GTAnimationHandlerNode.cpp */; };
		EBB55739202C002200BD6781 /* GTDestroySelfAct.cpp in Sources */ = {isa = PBXBuildFile; fileRef = EBB55733202C002200BD6781 /* GTDestroySelfAct.cpp */; };
		EBB5573D202C002A00BD6781 /* GTSimperMusicSys.cpp in Sources */ = {isa = PBXBuildFile; fileRef = EBB5573B202C002900BD6781 /* GTSimperMusicSys.cpp */; };
		EBB5575D202C003B00BD6781 /* GTInvulnerablePowerUp.cpp in Sources */ = {isa = PBXBuildFile; fileRef = EBB5573F202C003700BD6781 /* GTInvulnerablePowerUp.cpp */; };
		EBB5575E202C003B00BD6781 /* GTObstacle_Laser.cpp in Sources */ = {isa = PBXBuildFile; fileRef = EBB55740202C003700BD6781 /* GTObstacle_Laser.cpp */; };
		EBB5575F202C003B00BD6781 /* SH_TestScene.cpp in Sources */ = {isa = PBXBuildFile; fileRef = EBB55743202C003700BD6781 /* SH_TestScene.cpp */; };
		EBB55760202C003B00BD6781 /* GTObstacle_Missile.cpp in Sources */ = {isa = PBXBuildFile; fileRef = EBB55744202C003700BD6781 /* GTObstacle_Missile.cpp */; };
		EBB55761202C003B00BD6781 /* GTObstacleNode.cpp in Sources */ = {isa = PBXBuildFile; fileRef = EBB55745202C003700BD6781 /* GTObstacleNode.cpp */; };
		EBB55762202C003B00BD6781 /* GTCharacterStatNode.cpp in Sources */ = {isa = PBXBuildFile; fileRef = EBB55748202C003800BD6781 /* GTCharacterStatNode.cpp */; };
		EBB55763202C003B00BD6781 /* GTObstacle_Saw.cpp in Sources */ = {isa = PBXBuildFile; fileRef = EBB5574B202C003800BD6781 /* GTObstacle_Saw.cpp */; };
		EBB55764202C003B00BD6781 /* GTSlowTimePowerUp.cpp in Sources */ = {isa = PBXBuildFile; fileRef = EBB5574D202C003800BD6781 /* GTSlowTimePowerUp.cpp */; };
		EBB55765202C003B00BD6781 /* GTObstacleSpawner.cpp in Sources */ = {isa = PBXBuildFile; fileRef = EBB5574F202C003900BD6781 /* GTObstacleSpawner.cpp */; };
		EBB55766202C003B00BD6781 /* GTObstacle_Spike.cpp in Sources */ = {isa = PBXBuildFile; fileRef = EBB55753202C003900BD6781 /* GTObstacle_Spike.cpp */; };
		EBB55767202C003B00BD6781 /* GTSphereShield.cpp in Sources */ = {isa = PBXBuildFile; fileRef = EBB55754202C003A00BD6781 /* GTSphereShield.cpp */; };
		EBB55768202C003B00BD6781 /* GTCleanSlatePowerUp.cpp in Sources */ = {isa = PBXBuildFile; fileRef = EBB55756202C003A00BD6781 /* GTCleanSlatePowerUp.cpp */; };
		EBB55769202C003B00BD6781 /* GTSphereShieldPowerUp.cpp in Sources */ = {isa = PBXBuildFile; fileRef = EBB55758202C003A00BD6781 /* GTSphereShieldPowerUp.cpp */; };
		EBB5576A202C003B00BD6781 /* GTPowerUpSpawner.cpp in Sources */ = {isa = PBXBuildFile; fileRef = EBB5575C202C003B00BD6781 /* GTPowerUpSpawner.cpp */; };
		EBB55798202C005100BD6781 /* MKShopData.cpp in Sources */ = {isa = PBXBuildFile; fileRef = EBB5576B202C004700BD6781 /* MKShopData.cpp */; };
		EBB55799202C005100BD6781 /* MKInputManager.cpp in Sources */ = {isa = PBXBuildFile; fileRef = EBB5576F202C004800BD6781 /* MKInputManager.cpp */; };
		EBB5579A202C005100BD6781 /* MKTouchHandler.cpp in Sources */ = {isa = PBXBuildFile; fileRef = EBB55774202C004900BD6781 /* MKTouchHandler.cpp */; };
		EBB5579B202C005100BD6781 /* PauseScene.cpp in Sources */ = {isa = PBXBuildFile; fileRef = EBB55776202C004A00BD6781 /* PauseScene.cpp */; };
		EBB5579C202C005100BD6781 /* ShopScene.cpp in Sources */ = {isa = PBXBuildFile; fileRef = EBB55777202C004A00BD6781 /* ShopScene.cpp */; };
		EBB5579D202C005100BD6781 /* MKPlayerData.cpp in Sources */ = {isa = PBXBuildFile; fileRef = EBB5577A202C004A00BD6781 /* MKPlayerData.cpp */; };
		EBB5579E202C005100BD6781 /* MKSprite.cpp in Sources */ = {isa = PBXBuildFile; fileRef = EBB5577C202C004B00BD6781 /* MKSprite.cpp */; };
		EBB5579F202C005100BD6781 /* MKMathsHelper.cpp in Sources */ = {isa = PBXBuildFile; fileRef = EBB5577E202C004B00BD6781 /* MKMathsHelper.cpp */; };
		EBB557A0202C005100BD6781 /* StartScreenScene.cpp in Sources */ = {isa = PBXBuildFile; fileRef = EBB55780202C004C00BD6781 /* StartScreenScene.cpp */; };
		EBB557A1202C005100BD6781 /* MKInputDefinition.cpp in Sources */ = {isa = PBXBuildFile; fileRef = EBB55789202C004D00BD6781 /* MKInputDefinition.cpp */; };
		EBB557A2202C005100BD6781 /* GameScene.cpp in Sources */ = {isa = PBXBuildFile; fileRef = EBB5578C202C004E00BD6781 /* GameScene.cpp */; };
		EBB557A3202C005100BD6781 /* MKSceneManager.cpp in Sources */ = {isa = PBXBuildFile; fileRef = EBB55790202C004F00BD6781 /* MKSceneManager.cpp */; };
		EBB557A4202C005100BD6781 /* SettingsScene.cpp in Sources */ = {isa = PBXBuildFile; fileRef = EBB55792202C004F00BD6781 /* SettingsScene.cpp */; };
		EBB557A5202C005100BD6781 /* MKKeyboardHandler.cpp in Sources */ = {isa = PBXBuildFile; fileRef = EBB55794202C005000BD6781 /* MKKeyboardHandler.cpp */; };
		EBB557A6202C005100BD6781 /* MainMenuScene.cpp in Sources */ = {isa = PBXBuildFile; fileRef = EBB55796202C005000BD6781 /* MainMenuScene.cpp */; };
		ED545A7C1B68A1F400C3958E /* libiconv.dylib in Frameworks */ = {isa = PBXBuildFile; fileRef = ED545A7B1B68A1F400C3958E /* libiconv.dylib */; };
		ED545A7E1B68A1FA00C3958E /* libiconv.dylib in Frameworks */ = {isa = PBXBuildFile; fileRef = ED545A7D1B68A1FA00C3958E /* libiconv.dylib */; };
/* End PBXBuildFile section */

/* Begin PBXContainerItemProxy section */
		1AC6FAF8180E9839004C840B /* PBXContainerItemProxy */ = {
			isa = PBXContainerItemProxy;
			containerPortal = 1AC6FAE5180E9839004C840B /* cocos2d_libs.xcodeproj */;
			proxyType = 2;
			remoteGlobalIDString = 1551A33F158F2AB200E66CFE;
			remoteInfo = "cocos2dx Mac";
		};
		1AC6FB06180E9839004C840B /* PBXContainerItemProxy */ = {
			isa = PBXContainerItemProxy;
			containerPortal = 1AC6FAE5180E9839004C840B /* cocos2d_libs.xcodeproj */;
			proxyType = 2;
			remoteGlobalIDString = A07A4D641783777C0073F6A7;
			remoteInfo = "cocos2dx iOS";
		};
		1AC6FB15180E9959004C840B /* PBXContainerItemProxy */ = {
			isa = PBXContainerItemProxy;
			containerPortal = 1AC6FAE5180E9839004C840B /* cocos2d_libs.xcodeproj */;
			proxyType = 1;
			remoteGlobalIDString = 1551A33E158F2AB200E66CFE;
			remoteInfo = "cocos2dx Mac";
		};
		1AC6FB24180E99E1004C840B /* PBXContainerItemProxy */ = {
			isa = PBXContainerItemProxy;
			containerPortal = 1AC6FAE5180E9839004C840B /* cocos2d_libs.xcodeproj */;
			proxyType = 1;
			remoteGlobalIDString = A07A4C241783777C0073F6A7;
			remoteInfo = "cocos2dx iOS";
		};
		EB3045AD1FE79A5F008B8585 /* PBXContainerItemProxy */ = {
			isa = PBXContainerItemProxy;
			containerPortal = 1AC6FAE5180E9839004C840B /* cocos2d_libs.xcodeproj */;
			proxyType = 2;
			remoteGlobalIDString = 507B40FD1C31BDD30067B53E;
			remoteInfo = "libcocos2d tvOS";
		};
/* End PBXContainerItemProxy section */

/* Begin PBXFileReference section */
		16B144C2B241195FB2F7DBDF /* PluginFacebook.framework */ = {isa = PBXFileReference; lastKnownFileType = wrapper.framework; path = PluginFacebook.framework; sourceTree = SOURCE_ROOT; };
		1AC6FAE5180E9839004C840B /* cocos2d_libs.xcodeproj */ = {isa = PBXFileReference; lastKnownFileType = "wrapper.pb-project"; name = cocos2d_libs.xcodeproj; path = ../cocos2d/build/cocos2d_libs.xcodeproj; sourceTree = "<group>"; };
		1ACB3243164770DE00914215 /* libcurl.a */ = {isa = PBXFileReference; lastKnownFileType = archive.ar; name = libcurl.a; path = ../../cocos2dx/platform/third_party/ios/libraries/libcurl.a; sourceTree = "<group>"; };
		1D30AB110D05D00D00671497 /* Foundation.framework */ = {isa = PBXFileReference; lastKnownFileType = wrapper.framework; name = Foundation.framework; path = System/Library/Frameworks/Foundation.framework; sourceTree = SDKROOT; };
		1D6058910D05DD3D006BFB54 /* AssignmentTwo-mobile.app */ = {isa = PBXFileReference; explicitFileType = wrapper.application; includeInIndex = 0; path = "AssignmentTwo-mobile.app"; sourceTree = BUILT_PRODUCTS_DIR; };
		1DF5F4DF0D08C38300B7A737 /* UIKit.framework */ = {isa = PBXFileReference; lastKnownFileType = wrapper.framework; name = UIKit.framework; path = System/Library/Frameworks/UIKit.framework; sourceTree = SDKROOT; };
		288765A40DF7441C002DB57D /* CoreGraphics.framework */ = {isa = PBXFileReference; lastKnownFileType = wrapper.framework; name = CoreGraphics.framework; path = System/Library/Frameworks/CoreGraphics.framework; sourceTree = SDKROOT; };
		294D0D631D0D56D500F7F5D4 /* CoreText.framework */ = {isa = PBXFileReference; lastKnownFileType = wrapper.framework; name = CoreText.framework; path = Platforms/iPhoneOS.platform/Developer/SDKs/iPhoneOS.sdk/System/Library/Frameworks/CoreText.framework; sourceTree = DEVELOPER_DIR; };
		42B04FBF8204340F26FDE075 /* FBSDKCoreKit.framework */ = {isa = PBXFileReference; lastKnownFileType = wrapper.framework; path = FBSDKCoreKit.framework; sourceTree = SOURCE_ROOT; };
		503AE0F617EB97AB00D1A890 /* Icon.icns */ = {isa = PBXFileReference; lastKnownFileType = image.icns; path = Icon.icns; sourceTree = "<group>"; };
		503AE0F717EB97AB00D1A890 /* Info.plist */ = {isa = PBXFileReference; fileEncoding = 4; lastKnownFileType = text.plist.xml; path = Info.plist; sourceTree = "<group>"; };
		503AE0FA17EB989F00D1A890 /* AppController.h */ = {isa = PBXFileReference; fileEncoding = 4; lastKnownFileType = sourcecode.c.h; name = AppController.h; path = ios/AppController.h; sourceTree = SOURCE_ROOT; };
		503AE0FB17EB989F00D1A890 /* AppController.mm */ = {isa = PBXFileReference; fileEncoding = 4; lastKnownFileType = sourcecode.cpp.objcpp; name = AppController.mm; path = ios/AppController.mm; sourceTree = SOURCE_ROOT; };
		503AE0FC17EB989F00D1A890 /* main.m */ = {isa = PBXFileReference; fileEncoding = 4; lastKnownFileType = sourcecode.c.objc; name = main.m; path = ios/main.m; sourceTree = SOURCE_ROOT; };
		503AE0FD17EB989F00D1A890 /* Prefix.pch */ = {isa = PBXFileReference; fileEncoding = 4; lastKnownFileType = sourcecode.c.h; name = Prefix.pch; path = ios/Prefix.pch; sourceTree = SOURCE_ROOT; };
		503AE0FE17EB989F00D1A890 /* RootViewController.h */ = {isa = PBXFileReference; fileEncoding = 4; lastKnownFileType = sourcecode.c.h; name = RootViewController.h; path = ios/RootViewController.h; sourceTree = SOURCE_ROOT; };
		503AE0FF17EB989F00D1A890 /* RootViewController.mm */ = {isa = PBXFileReference; fileEncoding = 4; lastKnownFileType = sourcecode.cpp.objcpp; name = RootViewController.mm; path = ios/RootViewController.mm; sourceTree = SOURCE_ROOT; };
		503AE10317EB98FF00D1A890 /* main.cpp */ = {isa = PBXFileReference; fileEncoding = 4; lastKnownFileType = sourcecode.cpp.cpp; name = main.cpp; path = mac/main.cpp; sourceTree = "<group>"; };
		503AE10417EB98FF00D1A890 /* Prefix.pch */ = {isa = PBXFileReference; fileEncoding = 4; lastKnownFileType = sourcecode.c.h; name = Prefix.pch; path = mac/Prefix.pch; sourceTree = "<group>"; };
		503AE11117EB99EE00D1A890 /* libcurl.dylib */ = {isa = PBXFileReference; lastKnownFileType = "compiled.mach-o.dylib"; name = libcurl.dylib; path = usr/lib/libcurl.dylib; sourceTree = SDKROOT; };
		503AE11A17EB9C5A00D1A890 /* IOKit.framework */ = {isa = PBXFileReference; lastKnownFileType = wrapper.framework; name = IOKit.framework; path = System/Library/Frameworks/IOKit.framework; sourceTree = SDKROOT; };
		5087E76F17EB910900C73F5D /* AssignmentTwo-desktop.app */ = {isa = PBXFileReference; explicitFileType = wrapper.application; includeInIndex = 0; path = "AssignmentTwo-desktop.app"; sourceTree = BUILT_PRODUCTS_DIR; };
		5087E77217EB970100C73F5D /* Default-568h@2x.png */ = {isa = PBXFileReference; lastKnownFileType = image.png; path = "Default-568h@2x.png"; sourceTree = "<group>"; };
		5087E77317EB970100C73F5D /* Default.png */ = {isa = PBXFileReference; lastKnownFileType = image.png; path = Default.png; sourceTree = "<group>"; };
		5087E77417EB970100C73F5D /* Default@2x.png */ = {isa = PBXFileReference; lastKnownFileType = image.png; path = "Default@2x.png"; sourceTree = "<group>"; };
		5087E77517EB970100C73F5D /* Icon-114.png */ = {isa = PBXFileReference; lastKnownFileType = image.png; path = "Icon-114.png"; sourceTree = "<group>"; };
		5087E77617EB970100C73F5D /* Icon-120.png */ = {isa = PBXFileReference; lastKnownFileType = image.png; path = "Icon-120.png"; sourceTree = "<group>"; };
		5087E77717EB970100C73F5D /* Icon-144.png */ = {isa = PBXFileReference; lastKnownFileType = image.png; path = "Icon-144.png"; sourceTree = "<group>"; };
		5087E77817EB970100C73F5D /* Icon-152.png */ = {isa = PBXFileReference; lastKnownFileType = image.png; path = "Icon-152.png"; sourceTree = "<group>"; };
		5087E77917EB970100C73F5D /* Icon-57.png */ = {isa = PBXFileReference; lastKnownFileType = image.png; path = "Icon-57.png"; sourceTree = "<group>"; };
		5087E77A17EB970100C73F5D /* Icon-72.png */ = {isa = PBXFileReference; lastKnownFileType = image.png; path = "Icon-72.png"; sourceTree = "<group>"; };
		5087E77B17EB970100C73F5D /* Icon-76.png */ = {isa = PBXFileReference; lastKnownFileType = image.png; path = "Icon-76.png"; sourceTree = "<group>"; };
		5087E77C17EB970100C73F5D /* Info.plist */ = {isa = PBXFileReference; fileEncoding = 4; lastKnownFileType = text.plist.xml; path = Info.plist; sourceTree = "<group>"; };
		5087E78817EB974C00C73F5D /* AppKit.framework */ = {isa = PBXFileReference; lastKnownFileType = wrapper.framework; name = AppKit.framework; path = System/Library/Frameworks/AppKit.framework; sourceTree = SDKROOT; };
		5087E78A17EB975400C73F5D /* OpenGL.framework */ = {isa = PBXFileReference; lastKnownFileType = wrapper.framework; name = OpenGL.framework; path = System/Library/Frameworks/OpenGL.framework; sourceTree = SDKROOT; };
		50EF629217ECD46A001EB2F8 /* Icon-40.png */ = {isa = PBXFileReference; lastKnownFileType = image.png; path = "Icon-40.png"; sourceTree = "<group>"; };
		50EF629317ECD46A001EB2F8 /* Icon-58.png */ = {isa = PBXFileReference; lastKnownFileType = image.png; path = "Icon-58.png"; sourceTree = "<group>"; };
		50EF629417ECD46A001EB2F8 /* Icon-80.png */ = {isa = PBXFileReference; lastKnownFileType = image.png; path = "Icon-80.png"; sourceTree = "<group>"; };
		50EF629517ECD46A001EB2F8 /* Icon-100.png */ = {isa = PBXFileReference; lastKnownFileType = image.png; path = "Icon-100.png"; sourceTree = "<group>"; };
		50EF62A017ECD613001EB2F8 /* Icon-29.png */ = {isa = PBXFileReference; lastKnownFileType = image.png; path = "Icon-29.png"; sourceTree = "<group>"; };
		50EF62A117ECD613001EB2F8 /* Icon-50.png */ = {isa = PBXFileReference; lastKnownFileType = image.png; path = "Icon-50.png"; sourceTree = "<group>"; };
		521A8E6219F0C34300D177D7 /* Default-667h@2x.png */ = {isa = PBXFileReference; lastKnownFileType = image.png; path = "Default-667h@2x.png"; sourceTree = "<group>"; };
		521A8E6319F0C34300D177D7 /* Default-736h@3x.png */ = {isa = PBXFileReference; lastKnownFileType = image.png; path = "Default-736h@3x.png"; sourceTree = "<group>"; };
		52B47A461A53D09B004E4C60 /* Security.framework */ = {isa = PBXFileReference; lastKnownFileType = wrapper.framework; name = Security.framework; path = Platforms/iPhoneOS.platform/Developer/SDKs/iPhoneOS.sdk/System/Library/Frameworks/Security.framework; sourceTree = DEVELOPER_DIR; };
		8262943D1AAF051F00CB7CF7 /* Security.framework */ = {isa = PBXFileReference; lastKnownFileType = wrapper.framework; name = Security.framework; path = System/Library/Frameworks/Security.framework; sourceTree = SDKROOT; };
		8C4F4A03904A4D1BBE1F9D23 /* FBSDKShareKit.framework */ = {isa = PBXFileReference; lastKnownFileType = wrapper.framework; path = FBSDKShareKit.framework; sourceTree = SOURCE_ROOT; };
		8FEA4E10A0BFB7C2E99EA202 /* Bolts.framework */ = {isa = PBXFileReference; lastKnownFileType = wrapper.framework; path = Bolts.framework; sourceTree = SOURCE_ROOT; };
		A2C24B2598432E2CD998C302 /* FBSDKLoginKit.framework */ = {isa = PBXFileReference; lastKnownFileType = wrapper.framework; path = FBSDKLoginKit.framework; sourceTree = SOURCE_ROOT; };
		BF170DB012928DE900B8313A /* OpenGLES.framework */ = {isa = PBXFileReference; lastKnownFileType = wrapper.framework; name = OpenGLES.framework; path = System/Library/Frameworks/OpenGLES.framework; sourceTree = SDKROOT; };
		BF170DB412928DE900B8313A /* libz.dylib */ = {isa = PBXFileReference; lastKnownFileType = "compiled.mach-o.dylib"; name = libz.dylib; path = usr/lib/libz.dylib; sourceTree = SDKROOT; };
		BF1C47EA1293683800B63C5D /* QuartzCore.framework */ = {isa = PBXFileReference; lastKnownFileType = wrapper.framework; name = QuartzCore.framework; path = System/Library/Frameworks/QuartzCore.framework; sourceTree = SDKROOT; };
		C0D2452DB21FF20706B855D9 /* sdkbox_config.json */ = {isa = PBXFileReference; lastKnownFileType = text.json; name = sdkbox_config.json; path = ../Resources/sdkbox_config.json; sourceTree = SOURCE_ROOT; };
		C6E24F908BD8DCE16585CBDD /* sdkbox.framework */ = {isa = PBXFileReference; lastKnownFileType = wrapper.framework; path = sdkbox.framework; sourceTree = SOURCE_ROOT; };
		D44C620B132DFF330009C878 /* OpenAL.framework */ = {isa = PBXFileReference; lastKnownFileType = wrapper.framework; name = OpenAL.framework; path = System/Library/Frameworks/OpenAL.framework; sourceTree = SDKROOT; };
		D44C620D132DFF430009C878 /* AVFoundation.framework */ = {isa = PBXFileReference; lastKnownFileType = wrapper.framework; name = AVFoundation.framework; path = System/Library/Frameworks/AVFoundation.framework; sourceTree = SDKROOT; };
		D44C620F132DFF4E0009C878 /* AudioToolbox.framework */ = {isa = PBXFileReference; lastKnownFileType = wrapper.framework; name = AudioToolbox.framework; path = System/Library/Frameworks/AudioToolbox.framework; sourceTree = SDKROOT; };
		D6B0611A1803AB670077942B /* CoreMotion.framework */ = {isa = PBXFileReference; lastKnownFileType = wrapper.framework; name = CoreMotion.framework; path = Platforms/iPhoneOS.platform/Developer/SDKs/iPhoneOS.sdk/System/Library/Frameworks/CoreMotion.framework; sourceTree = DEVELOPER_DIR; };
		D84F4B168A5D74CB0840D32D /* SystemConfiguration.framework */ = {isa = PBXFileReference; lastKnownFileType = wrapper.framework; name = SystemConfiguration.framework; path = Platforms/iPhoneOS.platform/Developer/SDKs/iPhoneOS.sdk/System/Library/Frameworks/SystemConfiguration.framework; sourceTree = DEVELOPER_DIR; };
		EBB556F4202BFE4E00BD6781 /* ButtonNormal.png */ = {isa = PBXFileReference; lastKnownFileType = image.png; path = ButtonNormal.png; sourceTree = "<group>"; };
		EBB556F5202BFE4E00BD6781 /* FacebookLogoutButtonSelected.png */ = {isa = PBXFileReference; lastKnownFileType = image.png; path = FacebookLogoutButtonSelected.png; sourceTree = "<group>"; };
		EBB556F6202BFE4E00BD6781 /* mainspritecharaidlespritesheet.png */ = {isa = PBXFileReference; lastKnownFileType = image.png; path = mainspritecharaidlespritesheet.png; sourceTree = "<group>"; };
		EBB556F7202BFE4E00BD6781 /* ButtonSelected.png */ = {isa = PBXFileReference; lastKnownFileType = image.png; path = ButtonSelected.png; sourceTree = "<group>"; };
		EBB556F8202BFE4E00BD6781 /* fonts */ = {isa = PBXFileReference; lastKnownFileType = folder; path = fonts; sourceTree = "<group>"; };
		EBB556F9202BFE4E00BD6781 /* ProgressBar.png */ = {isa = PBXFileReference; lastKnownFileType = image.png; path = ProgressBar.png; sourceTree = "<group>"; };
		EBB556FA202BFE4E00BD6781 /* Shaders */ = {isa = PBXFileReference; lastKnownFileType = folder; path = Shaders; sourceTree = "<group>"; };
		EBB556FB202BFE4E00BD6781 /* SliderBar.png */ = {isa = PBXFileReference; lastKnownFileType = image.png; path = SliderBar.png; sourceTree = "<group>"; };
		EBB556FC202BFE4E00BD6781 /* Tileset */ = {isa = PBXFileReference; lastKnownFileType = folder; path = Tileset; sourceTree = "<group>"; };
		EBB556FD202BFE4E00BD6781 /* FacebookLoginButton.png */ = {isa = PBXFileReference; lastKnownFileType = image.png; path = FacebookLoginButton.png; sourceTree = "<group>"; };
		EBB556FE202BFE4E00BD6781 /* BackButton.png */ = {isa = PBXFileReference; lastKnownFileType = image.png; path = BackButton.png; sourceTree = "<group>"; };
		EBB556FF202BFE4E00BD6781 /* FacebookLoginButtonSelected.png */ = {isa = PBXFileReference; lastKnownFileType = image.png; path = FacebookLoginButtonSelected.png; sourceTree = "<group>"; };
		EBB55700202BFE4E00BD6781 /* Textures */ = {isa = PBXFileReference; lastKnownFileType = folder; path = Textures; sourceTree = "<group>"; };
		EBB55701202BFE4F00BD6781 /* Player */ = {isa = PBXFileReference; lastKnownFileType = folder; path = Player; sourceTree = "<group>"; };
		EBB55702202BFE4F00BD6781 /* FacebookButtonSelected.png */ = {isa = PBXFileReference; lastKnownFileType = image.png; path = FacebookButtonSelected.png; sourceTree = "<group>"; };
		EBB55703202BFE4F00BD6781 /* CloseSelected.png */ = {isa = PBXFileReference; lastKnownFileType = image.png; path = CloseSelected.png; sourceTree = "<group>"; };
		EBB55704202BFE4F00BD6781 /* FacebookButton.png */ = {isa = PBXFileReference; lastKnownFileType = image.png; path = FacebookButton.png; sourceTree = "<group>"; };
		EBB55705202BFE4F00BD6781 /* CloseNormal.png */ = {isa = PBXFileReference; lastKnownFileType = image.png; path = CloseNormal.png; sourceTree = "<group>"; };
		EBB55706202BFE4F00BD6781 /* SpriteAnim */ = {isa = PBXFileReference; lastKnownFileType = folder; path = SpriteAnim; sourceTree = "<group>"; };
		EBB55707202BFE4F00BD6781 /* PauseIcon.png */ = {isa = PBXFileReference; lastKnownFileType = image.png; path = PauseIcon.png; sourceTree = "<group>"; };
		EBB55708202BFE4F00BD6781 /* PlaceHolder */ = {isa = PBXFileReference; lastKnownFileType = folder; path = PlaceHolder; sourceTree = "<group>"; };
		EBB55709202BFE4F00BD6781 /* Audio */ = {isa = PBXFileReference; lastKnownFileType = folder; path = Audio; sourceTree = "<group>"; };
		EBB5570A202BFE4F00BD6781 /* HelloWorld.png */ = {isa = PBXFileReference; lastKnownFileType = image.png; path = HelloWorld.png; sourceTree = "<group>"; };
		EBB5570B202BFE5000BD6781 /* FacebookLogoutButton.png */ = {isa = PBXFileReference; lastKnownFileType = image.png; path = FacebookLogoutButton.png; sourceTree = "<group>"; };
		EBB5570C202BFE5000BD6781 /* GameData */ = {isa = PBXFileReference; lastKnownFileType = folder; path = GameData; sourceTree = "<group>"; };
		EBB5570D202BFE5000BD6781 /* SliderBall.png */ = {isa = PBXFileReference; lastKnownFileType = image.png; path = SliderBall.png; sourceTree = "<group>"; };
		EBB55728202C001500BD6781 /* AppDelegate.h */ = {isa = PBXFileReference; fileEncoding = 4; lastKnownFileType = sourcecode.c.h; path = AppDelegate.h; sourceTree = "<group>"; };
		EBB55729202C001500BD6781 /* AppDelegate.cpp */ = {isa = PBXFileReference; fileEncoding = 4; lastKnownFileType = sourcecode.cpp.cpp; path = AppDelegate.cpp; sourceTree = "<group>"; };
		EBB5572B202C001C00BD6781 /* GTRepeatActionInstantForever.h */ = {isa = PBXFileReference; lastKnownFileType = sourcecode.c.h; name = GTRepeatActionInstantForever.h; path = GT/Actions/GTRepeatActionInstantForever.h; sourceTree = "<group>"; };
		EBB5572C202C001C00BD6781 /* GTScaleUpAndDownAction.h */ = {isa = PBXFileReference; lastKnownFileType = sourcecode.c.h; name = GTScaleUpAndDownAction.h; path = GT/Actions/GTScaleUpAndDownAction.h; sourceTree = "<group>"; };
		EBB5572D202C001C00BD6781 /* GTRemoveFromParentAction.h */ = {isa = PBXFileReference; lastKnownFileType = sourcecode.c.h; name = GTRemoveFromParentAction.h; path = GT/Actions/GTRemoveFromParentAction.h; sourceTree = "<group>"; };
		EBB5572E202C001C00BD6781 /* GTFollowNodeAction.h */ = {isa = PBXFileReference; lastKnownFileType = sourcecode.c.h; name = GTFollowNodeAction.h; path = GT/Actions/GTFollowNodeAction.h; sourceTree = "<group>"; };
		EBB5572F202C001C00BD6781 /* GTMoveBySinAction.h */ = {isa = PBXFileReference; lastKnownFileType = sourcecode.c.h; name = GTMoveBySinAction.h; path = GT/Actions/GTMoveBySinAction.h; sourceTree = "<group>"; };
		EBB55730202C001C00BD6781 /* GTPlaySoundAction.h */ = {isa = PBXFileReference; lastKnownFileType = sourcecode.c.h; name = GTPlaySoundAction.h; path = GT/Actions/GTPlaySoundAction.h; sourceTree = "<group>"; };
		EBB55731202C002200BD6781 /* GTAnimTransAct.cpp */ = {isa = PBXFileReference; fileEncoding = 4; lastKnownFileType = sourcecode.cpp.cpp; name = GTAnimTransAct.cpp; path = GT/Animation/GTAnimTransAct.cpp; sourceTree = "<group>"; };
		EBB55732202C002200BD6781 /* GTAnimationHandlerNode.cpp */ = {isa = PBXFileReference; fileEncoding = 4; lastKnownFileType = sourcecode.cpp.cpp; name = GTAnimationHandlerNode.cpp; path = GT/Animation/GTAnimationHandlerNode.cpp; sourceTree = "<group>"; };
		EBB55733202C002200BD6781 /* GTDestroySelfAct.cpp */ = {isa = PBXFileReference; fileEncoding = 4; lastKnownFileType = sourcecode.cpp.cpp; name = GTDestroySelfAct.cpp; path = GT/Animation/GTDestroySelfAct.cpp; sourceTree = "<group>"; };
		EBB55734202C002200BD6781 /* GTDestroySelfAct.h */ = {isa = PBXFileReference; fileEncoding = 4; lastKnownFileType = sourcecode.c.h; name = GTDestroySelfAct.h; path = GT/Animation/GTDestroySelfAct.h; sourceTree = "<group>"; };
		EBB55735202C002200BD6781 /* GTAnimationHandlerNode.h */ = {isa = PBXFileReference; fileEncoding = 4; lastKnownFileType = sourcecode.c.h; name = GTAnimationHandlerNode.h; path = GT/Animation/GTAnimationHandlerNode.h; sourceTree = "<group>"; };
		EBB55736202C002200BD6781 /* GTAnimTransAct.h */ = {isa = PBXFileReference; fileEncoding = 4; lastKnownFileType = sourcecode.c.h; name = GTAnimTransAct.h; path = GT/Animation/GTAnimTransAct.h; sourceTree = "<group>"; };
		EBB5573A202C002900BD6781 /* GTMacros.h */ = {isa = PBXFileReference; fileEncoding = 4; lastKnownFileType = sourcecode.c.h; name = GTMacros.h; path = GT/Common/GTMacros.h; sourceTree = "<group>"; };
		EBB5573B202C002900BD6781 /* GTSimperMusicSys.cpp */ = {isa = PBXFileReference; fileEncoding = 4; lastKnownFileType = sourcecode.cpp.cpp; name = GTSimperMusicSys.cpp; path = GT/Audio/GTSimperMusicSys.cpp; sourceTree = "<group>"; };
		EBB5573C202C002A00BD6781 /* GTSimperMusicSys.h */ = {isa = PBXFileReference; fileEncoding = 4; lastKnownFileType = sourcecode.c.h; name = GTSimperMusicSys.h; path = GT/Audio/GTSimperMusicSys.h; sourceTree = "<group>"; };
		EBB5573E202C003600BD6781 /* GTSphereShield.h */ = {isa = PBXFileReference; fileEncoding = 4; lastKnownFileType = sourcecode.c.h; name = GTSphereShield.h; path = GT/GameLogic/Powerup/GTSphereShield.h; sourceTree = "<group>"; };
		EBB5573F202C003700BD6781 /* GTInvulnerablePowerUp.cpp */ = {isa = PBXFileReference; fileEncoding = 4; lastKnownFileType = sourcecode.cpp.cpp; name = GTInvulnerablePowerUp.cpp; path = GT/GameLogic/Powerup/GTInvulnerablePowerUp.cpp; sourceTree = "<group>"; };
		EBB55740202C003700BD6781 /* GTObstacle_Laser.cpp */ = {isa = PBXFileReference; fileEncoding = 4; lastKnownFileType = sourcecode.cpp.cpp; name = GTObstacle_Laser.cpp; path = GT/GameLogic/Obstacle/GTObstacle_Laser.cpp; sourceTree = "<group>"; };
		EBB55741202C003700BD6781 /* GTObstacleSpawner.h */ = {isa = PBXFileReference; fileEncoding = 4; lastKnownFileType = sourcecode.c.h; name = GTObstacleSpawner.h; path = GT/GameLogic/Obstacle/GTObstacleSpawner.h; sourceTree = "<group>"; };
		EBB55742202C003700BD6781 /* GTSlowTimePowerUp.h */ = {isa = PBXFileReference; fileEncoding = 4; lastKnownFileType = sourcecode.c.h; name = GTSlowTimePowerUp.h; path = GT/GameLogic/Powerup/GTSlowTimePowerUp.h; sourceTree = "<group>"; };
		EBB55743202C003700BD6781 /* SH_TestScene.cpp */ = {isa = PBXFileReference; fileEncoding = 4; lastKnownFileType = sourcecode.cpp.cpp; name = SH_TestScene.cpp; path = GT/SH_TestScene.cpp; sourceTree = "<group>"; };
		EBB55744202C003700BD6781 /* GTObstacle_Missile.cpp */ = {isa = PBXFileReference; fileEncoding = 4; lastKnownFileType = sourcecode.cpp.cpp; name = GTObstacle_Missile.cpp; path = GT/GameLogic/Obstacle/GTObstacle_Missile.cpp; sourceTree = "<group>"; };
		EBB55745202C003700BD6781 /* GTObstacleNode.cpp */ = {isa = PBXFileReference; fileEncoding = 4; lastKnownFileType = sourcecode.cpp.cpp; name = GTObstacleNode.cpp; path = GT/GameLogic/Obstacle/GTObstacleNode.cpp; sourceTree = "<group>"; };
		EBB55746202C003700BD6781 /* GTObstacle_Saw.h */ = {isa = PBXFileReference; fileEncoding = 4; lastKnownFileType = sourcecode.c.h; name = GTObstacle_Saw.h; path = GT/GameLogic/Obstacle/GTObstacle_Saw.h; sourceTree = "<group>"; };
		EBB55747202C003800BD6781 /* GTObstacle_Spike.h */ = {isa = PBXFileReference; fileEncoding = 4; lastKnownFileType = sourcecode.c.h; name = GTObstacle_Spike.h; path = GT/GameLogic/Obstacle/GTObstacle_Spike.h; sourceTree = "<group>"; };
		EBB55748202C003800BD6781 /* GTCharacterStatNode.cpp */ = {isa = PBXFileReference; fileEncoding = 4; lastKnownFileType = sourcecode.cpp.cpp; name = GTCharacterStatNode.cpp; path = GT/GameLogic/GTCharacterStatNode.cpp; sourceTree = "<group>"; };
		EBB55749202C003800BD6781 /* GTCharacterStatNode.h */ = {isa = PBXFileReference; fileEncoding = 4; lastKnownFileType = sourcecode.c.h; name = GTCharacterStatNode.h; path = GT/GameLogic/GTCharacterStatNode.h; sourceTree = "<group>"; };
		EBB5574A202C003800BD6781 /* GTInvulnerablePowerUp.h */ = {isa = PBXFileReference; fileEncoding = 4; lastKnownFileType = sourcecode.c.h; name = GTInvulnerablePowerUp.h; path = GT/GameLogic/Powerup/GTInvulnerablePowerUp.h; sourceTree = "<group>"; };
		EBB5574B202C003800BD6781 /* GTObstacle_Saw.cpp */ = {isa = PBXFileReference; fileEncoding = 4; lastKnownFileType = sourcecode.cpp.cpp; name = GTObstacle_Saw.cpp; path = GT/GameLogic/Obstacle/GTObstacle_Saw.cpp; sourceTree = "<group>"; };
		EBB5574C202C003800BD6781 /* GTSphereShieldPowerUp.h */ = {isa = PBXFileReference; fileEncoding = 4; lastKnownFileType = sourcecode.c.h; name = GTSphereShieldPowerUp.h; path = GT/GameLogic/Powerup/GTSphereShieldPowerUp.h; sourceTree = "<group>"; };
		EBB5574D202C003800BD6781 /* GTSlowTimePowerUp.cpp */ = {isa = PBXFileReference; fileEncoding = 4; lastKnownFileType = sourcecode.cpp.cpp; name = GTSlowTimePowerUp.cpp; path = GT/GameLogic/Powerup/GTSlowTimePowerUp.cpp; sourceTree = "<group>"; };
		EBB5574E202C003900BD6781 /* SH_TestScene.h */ = {isa = PBXFileReference; fileEncoding = 4; lastKnownFileType = sourcecode.c.h; name = SH_TestScene.h; path = GT/SH_TestScene.h; sourceTree = "<group>"; };
		EBB5574F202C003900BD6781 /* GTObstacleSpawner.cpp */ = {isa = PBXFileReference; fileEncoding = 4; lastKnownFileType = sourcecode.cpp.cpp; name = GTObstacleSpawner.cpp; path = GT/GameLogic/Obstacle/GTObstacleSpawner.cpp; sourceTree = "<group>"; };
		EBB55750202C003900BD6781 /* GTObstacle_Missile.h */ = {isa = PBXFileReference; fileEncoding = 4; lastKnownFileType = sourcecode.c.h; name = GTObstacle_Missile.h; path = GT/GameLogic/Obstacle/GTObstacle_Missile.h; sourceTree = "<group>"; };
		EBB55751202C003900BD6781 /* GTObstacleNode.h */ = {isa = PBXFileReference; fileEncoding = 4; lastKnownFileType = sourcecode.c.h; name = GTObstacleNode.h; path = GT/GameLogic/Obstacle/GTObstacleNode.h; sourceTree = "<group>"; };
		EBB55752202C003900BD6781 /* GTPowerUp.h */ = {isa = PBXFileReference; fileEncoding = 4; lastKnownFileType = sourcecode.c.h; name = GTPowerUp.h; path = GT/GameLogic/Powerup/GTPowerUp.h; sourceTree = "<group>"; };
		EBB55753202C003900BD6781 /* GTObstacle_Spike.cpp */ = {isa = PBXFileReference; fileEncoding = 4; lastKnownFileType = sourcecode.cpp.cpp; name = GTObstacle_Spike.cpp; path = GT/GameLogic/Obstacle/GTObstacle_Spike.cpp; sourceTree = "<group>"; };
		EBB55754202C003A00BD6781 /* GTSphereShield.cpp */ = {isa = PBXFileReference; fileEncoding = 4; lastKnownFileType = sourcecode.cpp.cpp; name = GTSphereShield.cpp; path = GT/GameLogic/Powerup/GTSphereShield.cpp; sourceTree = "<group>"; };
		EBB55755202C003A00BD6781 /* GTCollisionCategory.h */ = {isa = PBXFileReference; fileEncoding = 4; lastKnownFileType = sourcecode.c.h; name = GTCollisionCategory.h; path = GT/GameLogic/GTCollisionCategory.h; sourceTree = "<group>"; };
		EBB55756202C003A00BD6781 /* GTCleanSlatePowerUp.cpp */ = {isa = PBXFileReference; fileEncoding = 4; lastKnownFileType = sourcecode.cpp.cpp; name = GTCleanSlatePowerUp.cpp; path = GT/GameLogic/Powerup/GTCleanSlatePowerUp.cpp; sourceTree = "<group>"; };
		EBB55757202C003A00BD6781 /* GTCleanSlatePowerUp.h */ = {isa = PBXFileReference; fileEncoding = 4; lastKnownFileType = sourcecode.c.h; name = GTCleanSlatePowerUp.h; path = GT/GameLogic/Powerup/GTCleanSlatePowerUp.h; sourceTree = "<group>"; };
		EBB55758202C003A00BD6781 /* GTSphereShieldPowerUp.cpp */ = {isa = PBXFileReference; fileEncoding = 4; lastKnownFileType = sourcecode.cpp.cpp; name = GTSphereShieldPowerUp.cpp; path = GT/GameLogic/Powerup/GTSphereShieldPowerUp.cpp; sourceTree = "<group>"; };
		EBB55759202C003A00BD6781 /* GTPowerUpSpawner.h */ = {isa = PBXFileReference; fileEncoding = 4; lastKnownFileType = sourcecode.c.h; name = GTPowerUpSpawner.h; path = GT/GameLogic/Powerup/GTPowerUpSpawner.h; sourceTree = "<group>"; };
		EBB5575A202C003B00BD6781 /* GTObstacle_Laser.h */ = {isa = PBXFileReference; fileEncoding = 4; lastKnownFileType = sourcecode.c.h; name = GTObstacle_Laser.h; path = GT/GameLogic/Obstacle/GTObstacle_Laser.h; sourceTree = "<group>"; };
		EBB5575B202C003B00BD6781 /* GTGameplayMacros.h */ = {isa = PBXFileReference; fileEncoding = 4; lastKnownFileType = sourcecode.c.h; name = GTGameplayMacros.h; path = GT/GameLogic/GTGameplayMacros.h; sourceTree = "<group>"; };
		EBB5575C202C003B00BD6781 /* GTPowerUpSpawner.cpp */ = {isa = PBXFileReference; fileEncoding = 4; lastKnownFileType = sourcecode.cpp.cpp; name = GTPowerUpSpawner.cpp; path = GT/GameLogic/Powerup/GTPowerUpSpawner.cpp; sourceTree = "<group>"; };
		EBB5576B202C004700BD6781 /* MKShopData.cpp */ = {isa = PBXFileReference; fileEncoding = 4; lastKnownFileType = sourcecode.cpp.cpp; name = MKShopData.cpp; path = MK/GameData/MKShopData.cpp; sourceTree = "<group>"; };
		EBB5576C202C004800BD6781 /* MKShopData.h */ = {isa = PBXFileReference; fileEncoding = 4; lastKnownFileType = sourcecode.c.h; name = MKShopData.h; path = MK/GameData/MKShopData.h; sourceTree = "<group>"; };
		EBB5576D202C004800BD6781 /* UICreator.h */ = {isa = PBXFileReference; fileEncoding = 4; lastKnownFileType = sourcecode.c.h; name = UICreator.h; path = UIClass/UICreator.h; sourceTree = "<group>"; };
		EBB5576E202C004800BD6781 /* MKInputManager.h */ = {isa = PBXFileReference; fileEncoding = 4; lastKnownFileType = sourcecode.c.h; name = MKInputManager.h; path = MK/Input/MKInputManager.h; sourceTree = "<group>"; };
		EBB5576F202C004800BD6781 /* MKInputManager.cpp */ = {isa = PBXFileReference; fileEncoding = 4; lastKnownFileType = sourcecode.cpp.cpp; name = MKInputManager.cpp; path = MK/Input/MKInputManager.cpp; sourceTree = "<group>"; };
		EBB55770202C004800BD6781 /* MKJSONHelper.h */ = {isa = PBXFileReference; fileEncoding = 4; lastKnownFileType = sourcecode.c.h; name = MKJSONHelper.h; path = MK/Common/MKJSONHelper.h; sourceTree = "<group>"; };
		EBB55771202C004900BD6781 /* MKPlayerData.h */ = {isa = PBXFileReference; fileEncoding = 4; lastKnownFileType = sourcecode.c.h; name = MKPlayerData.h; path = MK/GameData/MKPlayerData.h; sourceTree = "<group>"; };
		EBB55772202C004900BD6781 /* MKSprite.h */ = {isa = PBXFileReference; fileEncoding = 4; lastKnownFileType = sourcecode.c.h; name = MKSprite.h; path = MK/Graphics/MKSprite.h; sourceTree = "<group>"; };
		EBB55773202C004900BD6781 /* MKSceneManager.h */ = {isa = PBXFileReference; fileEncoding = 4; lastKnownFileType = sourcecode.c.h; name = MKSceneManager.h; path = MK/SceneManagement/MKSceneManager.h; sourceTree = "<group>"; };
		EBB55774202C004900BD6781 /* MKTouchHandler.cpp */ = {isa = PBXFileReference; fileEncoding = 4; lastKnownFileType = sourcecode.cpp.cpp; name = MKTouchHandler.cpp; path = MK/Input/MKTouchHandler.cpp; sourceTree = "<group>"; };
		EBB55775202C004900BD6781 /* SettingsScene.h */ = {isa = PBXFileReference; fileEncoding = 4; lastKnownFileType = sourcecode.c.h; name = SettingsScene.h; path = Scenes/SettingsScene.h; sourceTree = "<group>"; };
		EBB55776202C004A00BD6781 /* PauseScene.cpp */ = {isa = PBXFileReference; fileEncoding = 4; lastKnownFileType = sourcecode.cpp.cpp; name = PauseScene.cpp; path = Scenes/PauseScene.cpp; sourceTree = "<group>"; };
		EBB55777202C004A00BD6781 /* ShopScene.cpp */ = {isa = PBXFileReference; fileEncoding = 4; lastKnownFileType = sourcecode.cpp.cpp; name = ShopScene.cpp; path = Scenes/ShopScene.cpp; sourceTree = "<group>"; };
		EBB55778202C004A00BD6781 /* PauseScene.h */ = {isa = PBXFileReference; fileEncoding = 4; lastKnownFileType = sourcecode.c.h; name = PauseScene.h; path = Scenes/PauseScene.h; sourceTree = "<group>"; };
		EBB55779202C004A00BD6781 /* StartScreenScene.h */ = {isa = PBXFileReference; fileEncoding = 4; lastKnownFileType = sourcecode.c.h; name = StartScreenScene.h; path = Scenes/StartScreenScene.h; sourceTree = "<group>"; };
		EBB5577A202C004A00BD6781 /* MKPlayerData.cpp */ = {isa = PBXFileReference; fileEncoding = 4; lastKnownFileType = sourcecode.cpp.cpp; name = MKPlayerData.cpp; path = MK/GameData/MKPlayerData.cpp; sourceTree = "<group>"; };
		EBB5577B202C004B00BD6781 /* AvailableScenes.h */ = {isa = PBXFileReference; fileEncoding = 4; lastKnownFileType = sourcecode.c.h; name = AvailableScenes.h; path = Scenes/AvailableScenes.h; sourceTree = "<group>"; };
		EBB5577C202C004B00BD6781 /* MKSprite.cpp */ = {isa = PBXFileReference; fileEncoding = 4; lastKnownFileType = sourcecode.cpp.cpp; name = MKSprite.cpp; path = MK/Graphics/MKSprite.cpp; sourceTree = "<group>"; };
		EBB5577D202C004B00BD6781 /* MKScene.h */ = {isa = PBXFileReference; fileEncoding = 4; lastKnownFileType = sourcecode.c.h; name = MKScene.h; path = MK/SceneManagement/MKScene.h; sourceTree = "<group>"; };
		EBB5577E202C004B00BD6781 /* MKMathsHelper.cpp */ = {isa = PBXFileReference; fileEncoding = 4; lastKnownFileType = sourcecode.cpp.cpp; name = MKMathsHelper.cpp; path = MK/Common/MKMathsHelper.cpp; sourceTree = "<group>"; };
		EBB5577F202C004B00BD6781 /* MKMacros.h */ = {isa = PBXFileReference; fileEncoding = 4; lastKnownFileType = sourcecode.c.h; name = MKMacros.h; path = MK/Common/MKMacros.h; sourceTree = "<group>"; };
		EBB55780202C004C00BD6781 /* StartScreenScene.cpp */ = {isa = PBXFileReference; fileEncoding = 4; lastKnownFileType = sourcecode.cpp.cpp; name = StartScreenScene.cpp; path = Scenes/StartScreenScene.cpp; sourceTree = "<group>"; };
		EBB55781202C004C00BD6781 /* MKInputName.h */ = {isa = PBXFileReference; fileEncoding = 4; lastKnownFileType = sourcecode.c.h; name = MKInputName.h; path = MK/Input/MKInputName.h; sourceTree = "<group>"; };
		EBB55782202C004C00BD6781 /* MKInput.h */ = {isa = PBXFileReference; fileEncoding = 4; lastKnownFileType = sourcecode.c.h; name = MKInput.h; path = MK/Input/MKInput.h; sourceTree = "<group>"; };
		EBB55783202C004C00BD6781 /* MKTouchHandler.h */ = {isa = PBXFileReference; fileEncoding = 4; lastKnownFileType = sourcecode.c.h; name = MKTouchHandler.h; path = MK/Input/MKTouchHandler.h; sourceTree = "<group>"; };
		EBB55784202C004C00BD6781 /* MKAssertions.h */ = {isa = PBXFileReference; fileEncoding = 4; lastKnownFileType = sourcecode.c.h; name = MKAssertions.h; path = MK/Common/MKAssertions.h; sourceTree = "<group>"; };
		EBB55785202C004D00BD6781 /* MKSingletonTemplate.h */ = {isa = PBXFileReference; fileEncoding = 4; lastKnownFileType = sourcecode.c.h; name = MKSingletonTemplate.h; path = MK/Common/MKSingletonTemplate.h; sourceTree = "<group>"; };
		EBB55786202C004D00BD6781 /* MKMathsHelper.h */ = {isa = PBXFileReference; fileEncoding = 4; lastKnownFileType = sourcecode.c.h; name = MKMathsHelper.h; path = MK/Common/MKMathsHelper.h; sourceTree = "<group>"; };
		EBB55787202C004D00BD6781 /* MKInputContext.h */ = {isa = PBXFileReference; fileEncoding = 4; lastKnownFileType = sourcecode.c.h; name = MKInputContext.h; path = MK/Input/MKInputContext.h; sourceTree = "<group>"; };
		EBB55788202C004D00BD6781 /* MKShopItem_Background.h */ = {isa = PBXFileReference; fileEncoding = 4; lastKnownFileType = sourcecode.c.h; name = MKShopItem_Background.h; path = MK/GameData/MKShopItem_Background.h; sourceTree = "<group>"; };
		EBB55789202C004D00BD6781 /* MKInputDefinition.cpp */ = {isa = PBXFileReference; fileEncoding = 4; lastKnownFileType = sourcecode.cpp.cpp; name = MKInputDefinition.cpp; path = MK/Input/MKInputDefinition.cpp; sourceTree = "<group>"; };
		EBB5578A202C004E00BD6781 /* MKPasskey.h */ = {isa = PBXFileReference; fileEncoding = 4; lastKnownFileType = sourcecode.c.h; name = MKPasskey.h; path = MK/Common/MKPasskey.h; sourceTree = "<group>"; };
		EBB5578B202C004E00BD6781 /* GameScene.h */ = {isa = PBXFileReference; fileEncoding = 4; lastKnownFileType = sourcecode.c.h; name = GameScene.h; path = Scenes/GameScene.h; sourceTree = "<group>"; };
		EBB5578C202C004E00BD6781 /* GameScene.cpp */ = {isa = PBXFileReference; fileEncoding = 4; lastKnownFileType = sourcecode.cpp.cpp; name = GameScene.cpp; path = Scenes/GameScene.cpp; sourceTree = "<group>"; };
		EBB5578D202C004E00BD6781 /* MainMenuScene.h */ = {isa = PBXFileReference; fileEncoding = 4; lastKnownFileType = sourcecode.c.h; name = MainMenuScene.h; path = Scenes/MainMenuScene.h; sourceTree = "<group>"; };
		EBB5578E202C004F00BD6781 /* MKInputControllerIndex.h */ = {isa = PBXFileReference; fileEncoding = 4; lastKnownFileType = sourcecode.c.h; name = MKInputControllerIndex.h; path = MK/Input/MKInputControllerIndex.h; sourceTree = "<group>"; };
		EBB5578F202C004F00BD6781 /* MKKeyboardHandler.h */ = {isa = PBXFileReference; fileEncoding = 4; lastKnownFileType = sourcecode.c.h; name = MKKeyboardHandler.h; path = MK/Input/MKKeyboardHandler.h; sourceTree = "<group>"; };
		EBB55790202C004F00BD6781 /* MKSceneManager.cpp */ = {isa = PBXFileReference; fileEncoding = 4; lastKnownFileType = sourcecode.cpp.cpp; name = MKSceneManager.cpp; path = MK/SceneManagement/MKSceneManager.cpp; sourceTree = "<group>"; };
		EBB55791202C004F00BD6781 /* MKShopItem.h */ = {isa = PBXFileReference; fileEncoding = 4; lastKnownFileType = sourcecode.c.h; name = MKShopItem.h; path = MK/GameData/MKShopItem.h; sourceTree = "<group>"; };
		EBB55792202C004F00BD6781 /* SettingsScene.cpp */ = {isa = PBXFileReference; fileEncoding = 4; lastKnownFileType = sourcecode.cpp.cpp; name = SettingsScene.cpp; path = Scenes/SettingsScene.cpp; sourceTree = "<group>"; };
		EBB55793202C005000BD6781 /* ShopScene.h */ = {isa = PBXFileReference; fileEncoding = 4; lastKnownFileType = sourcecode.c.h; name = ShopScene.h; path = Scenes/ShopScene.h; sourceTree = "<group>"; };
		EBB55794202C005000BD6781 /* MKKeyboardHandler.cpp */ = {isa = PBXFileReference; fileEncoding = 4; lastKnownFileType = sourcecode.cpp.cpp; name = MKKeyboardHandler.cpp; path = MK/Input/MKKeyboardHandler.cpp; sourceTree = "<group>"; };
		EBB55795202C005000BD6781 /* MKInputDefinition.h */ = {isa = PBXFileReference; fileEncoding = 4; lastKnownFileType = sourcecode.c.h; name = MKInputDefinition.h; path = MK/Input/MKInputDefinition.h; sourceTree = "<group>"; };
		EBB55796202C005000BD6781 /* MainMenuScene.cpp */ = {isa = PBXFileReference; fileEncoding = 4; lastKnownFileType = sourcecode.cpp.cpp; name = MainMenuScene.cpp; path = Scenes/MainMenuScene.cpp; sourceTree = "<group>"; };
		EBB55797202C005000BD6781 /* MKSceneMacros.h */ = {isa = PBXFileReference; fileEncoding = 4; lastKnownFileType = sourcecode.c.h; name = MKSceneMacros.h; path = MK/SceneManagement/MKSceneMacros.h; sourceTree = "<group>"; };
		ED545A7B1B68A1F400C3958E /* libiconv.dylib */ = {isa = PBXFileReference; lastKnownFileType = "compiled.mach-o.dylib"; name = libiconv.dylib; path = Platforms/iPhoneOS.platform/Developer/SDKs/iPhoneOS.sdk/usr/lib/libiconv.dylib; sourceTree = DEVELOPER_DIR; };
		ED545A7D1B68A1FA00C3958E /* libiconv.dylib */ = {isa = PBXFileReference; lastKnownFileType = "compiled.mach-o.dylib"; name = libiconv.dylib; path = usr/lib/libiconv.dylib; sourceTree = SDKROOT; };
		F6BE4C118113F25FB67FA493 /* AdSupport.framework */ = {isa = PBXFileReference; lastKnownFileType = wrapper.framework; name = AdSupport.framework; path = Platforms/iPhoneOS.platform/Developer/SDKs/iPhoneOS.sdk/System/Library/Frameworks/AdSupport.framework; sourceTree = DEVELOPER_DIR; };
/* End PBXFileReference section */

/* Begin PBXFrameworksBuildPhase section */
		1D60588F0D05DD3D006BFB54 /* Frameworks */ = {
			isa = PBXFrameworksBuildPhase;
			buildActionMask = 2147483647;
			files = (
				294D0D641D0D56D500F7F5D4 /* CoreText.framework in Frameworks */,
				ED545A7C1B68A1F400C3958E /* libiconv.dylib in Frameworks */,
				52B47A471A53D09C004E4C60 /* Security.framework in Frameworks */,
				1AC6FB30180E99EB004C840B /* libcocos2d iOS.a in Frameworks */,
				D6B0611B1803AB670077942B /* CoreMotion.framework in Frameworks */,
				1D60589F0D05DD5A006BFB54 /* Foundation.framework in Frameworks */,
				1DF5F4E00D08C38300B7A737 /* UIKit.framework in Frameworks */,
				288765A50DF7441C002DB57D /* CoreGraphics.framework in Frameworks */,
				BF171245129291EC00B8313A /* OpenGLES.framework in Frameworks */,
				BF1712471292920000B8313A /* libz.dylib in Frameworks */,
				BF1C47F01293687400B63C5D /* QuartzCore.framework in Frameworks */,
				D44C620C132DFF330009C878 /* OpenAL.framework in Frameworks */,
				D44C620E132DFF430009C878 /* AVFoundation.framework in Frameworks */,
				D44C6210132DFF4E0009C878 /* AudioToolbox.framework in Frameworks */,
				62FA414A89C72A073A8BB5C8 /* sdkbox.framework in Frameworks */,
				1268420D8C656593EBB1BBEA /* PluginFacebook.framework in Frameworks */,
				06B44AB28C8FBEE9792D75DF /* FBSDKCoreKit.framework in Frameworks */,
				716A4EE9B1F5BEB70ACE590F /* FBSDKLoginKit.framework in Frameworks */,
				DD97440586C738E56F1846BF /* FBSDKShareKit.framework in Frameworks */,
				30D94495BA065ACEB675F5DB /* Bolts.framework in Frameworks */,
				E41141B5B9DB615B26D3EBEC /* AdSupport.framework in Frameworks */,
				400948FBA9C30C18A33E2E7F /* SystemConfiguration.framework in Frameworks */,
			);
			runOnlyForDeploymentPostprocessing = 0;
		};
		5087E75C17EB910900C73F5D /* Frameworks */ = {
			isa = PBXFrameworksBuildPhase;
			buildActionMask = 2147483647;
			files = (
				ED545A7E1B68A1FA00C3958E /* libiconv.dylib in Frameworks */,
				1AC6FB21180E996B004C840B /* libcocos2d Mac.a in Frameworks */,
				5087E76717EB910900C73F5D /* libz.dylib in Frameworks */,
				8262943E1AAF051F00CB7CF7 /* Security.framework in Frameworks */,
				503AE11B17EB9C5A00D1A890 /* IOKit.framework in Frameworks */,
				5087E78B17EB975400C73F5D /* OpenGL.framework in Frameworks */,
				5087E78917EB974C00C73F5D /* AppKit.framework in Frameworks */,
				5087E76317EB910900C73F5D /* Foundation.framework in Frameworks */,
				5087E76817EB910900C73F5D /* QuartzCore.framework in Frameworks */,
				5087E76917EB910900C73F5D /* OpenAL.framework in Frameworks */,
				5087E76A17EB910900C73F5D /* AVFoundation.framework in Frameworks */,
				5087E76B17EB910900C73F5D /* AudioToolbox.framework in Frameworks */,
			);
			runOnlyForDeploymentPostprocessing = 0;
		};
/* End PBXFrameworksBuildPhase section */

/* Begin PBXGroup section */
		080E96DDFE201D6D7F000001 /* ios */ = {
			isa = PBXGroup;
			children = (
				5087E77117EB970100C73F5D /* Icons */,
				503AE0FA17EB989F00D1A890 /* AppController.h */,
				503AE0FB17EB989F00D1A890 /* AppController.mm */,
				503AE0FC17EB989F00D1A890 /* main.m */,
				503AE0FD17EB989F00D1A890 /* Prefix.pch */,
				503AE0FE17EB989F00D1A890 /* RootViewController.h */,
				503AE0FF17EB989F00D1A890 /* RootViewController.mm */,
			);
			name = ios;
			path = Classes;
			sourceTree = "<group>";
		};
		19C28FACFE9D520D11CA2CBB /* Products */ = {
			isa = PBXGroup;
			children = (
				1D6058910D05DD3D006BFB54 /* AssignmentTwo-mobile.app */,
				5087E76F17EB910900C73F5D /* AssignmentTwo-desktop.app */,
			);
			name = Products;
			sourceTree = "<group>";
		};
		1AC6FAE6180E9839004C840B /* Products */ = {
			isa = PBXGroup;
			children = (
				1AC6FAF9180E9839004C840B /* libcocos2d Mac.a */,
				1AC6FB07180E9839004C840B /* libcocos2d iOS.a */,
				EB3045AE1FE79A5F008B8585 /* libcocos2d tvOS.a */,
			);
			name = Products;
			sourceTree = "<group>";
		};
		29B97314FDCFA39411CA2CEA /* CustomTemplate */ = {
			isa = PBXGroup;
			children = (
				46880B8319C43A87006E1F66 /* Classes */,
				46880B7519C43A67006E1F66 /* Resources */,
				1AC6FAE5180E9839004C840B /* cocos2d_libs.xcodeproj */,
				29B97323FDCFA39411CA2CEA /* Frameworks */,
				080E96DDFE201D6D7F000001 /* ios */,
				503AE10617EB990700D1A890 /* mac */,
				19C28FACFE9D520D11CA2CBB /* Products */,
			);
			name = CustomTemplate;
			sourceTree = "<group>";
		};
		29B97323FDCFA39411CA2CEA /* Frameworks */ = {
			isa = PBXGroup;
			children = (
				294D0D631D0D56D500F7F5D4 /* CoreText.framework */,
				ED545A7D1B68A1FA00C3958E /* libiconv.dylib */,
				ED545A7B1B68A1F400C3958E /* libiconv.dylib */,
				8262943D1AAF051F00CB7CF7 /* Security.framework */,
				52B47A461A53D09B004E4C60 /* Security.framework */,
				D6B0611A1803AB670077942B /* CoreMotion.framework */,
				503AE11A17EB9C5A00D1A890 /* IOKit.framework */,
				503AE11117EB99EE00D1A890 /* libcurl.dylib */,
				5087E78A17EB975400C73F5D /* OpenGL.framework */,
				5087E78817EB974C00C73F5D /* AppKit.framework */,
				1ACB3243164770DE00914215 /* libcurl.a */,
				BF170DB412928DE900B8313A /* libz.dylib */,
				D44C620F132DFF4E0009C878 /* AudioToolbox.framework */,
				D44C620D132DFF430009C878 /* AVFoundation.framework */,
				288765A40DF7441C002DB57D /* CoreGraphics.framework */,
				1D30AB110D05D00D00671497 /* Foundation.framework */,
				D44C620B132DFF330009C878 /* OpenAL.framework */,
				BF170DB012928DE900B8313A /* OpenGLES.framework */,
				BF1C47EA1293683800B63C5D /* QuartzCore.framework */,
				1DF5F4DF0D08C38300B7A737 /* UIKit.framework */,
				C6E24F908BD8DCE16585CBDD /* sdkbox.framework */,
				16B144C2B241195FB2F7DBDF /* PluginFacebook.framework */,
				42B04FBF8204340F26FDE075 /* FBSDKCoreKit.framework */,
				A2C24B2598432E2CD998C302 /* FBSDKLoginKit.framework */,
				8C4F4A03904A4D1BBE1F9D23 /* FBSDKShareKit.framework */,
				8FEA4E10A0BFB7C2E99EA202 /* Bolts.framework */,
				F6BE4C118113F25FB67FA493 /* AdSupport.framework */,
				D84F4B168A5D74CB0840D32D /* SystemConfiguration.framework */,
			);
			name = Frameworks;
			sourceTree = "<group>";
		};
		46880B7519C43A67006E1F66 /* Resources */ = {
			isa = PBXGroup;
			children = (
				EBB55709202BFE4F00BD6781 /* Audio */,
				EBB556FE202BFE4E00BD6781 /* BackButton.png */,
				EBB556F4202BFE4E00BD6781 /* ButtonNormal.png */,
				EBB556F7202BFE4E00BD6781 /* ButtonSelected.png */,
				EBB55705202BFE4F00BD6781 /* CloseNormal.png */,
				EBB55703202BFE4F00BD6781 /* CloseSelected.png */,
				EBB55704202BFE4F00BD6781 /* FacebookButton.png */,
				EBB55702202BFE4F00BD6781 /* FacebookButtonSelected.png */,
				EBB556FD202BFE4E00BD6781 /* FacebookLoginButton.png */,
				EBB556FF202BFE4E00BD6781 /* FacebookLoginButtonSelected.png */,
				EBB5570B202BFE5000BD6781 /* FacebookLogoutButton.png */,
				EBB556F5202BFE4E00BD6781 /* FacebookLogoutButtonSelected.png */,
				EBB556F8202BFE4E00BD6781 /* fonts */,
				EBB5570C202BFE5000BD6781 /* GameData */,
				EBB5570A202BFE4F00BD6781 /* HelloWorld.png */,
				EBB556F6202BFE4E00BD6781 /* mainspritecharaidlespritesheet.png */,
				EBB55707202BFE4F00BD6781 /* PauseIcon.png */,
				EBB55708202BFE4F00BD6781 /* PlaceHolder */,
				EBB55701202BFE4F00BD6781 /* Player */,
				EBB556F9202BFE4E00BD6781 /* ProgressBar.png */,
				EBB556FA202BFE4E00BD6781 /* Shaders */,
				EBB5570D202BFE5000BD6781 /* SliderBall.png */,
				EBB556FB202BFE4E00BD6781 /* SliderBar.png */,
				EBB55706202BFE4F00BD6781 /* SpriteAnim */,
				EBB55700202BFE4E00BD6781 /* Textures */,
				EBB556FC202BFE4E00BD6781 /* Tileset */,
				C0D2452DB21FF20706B855D9 /* sdkbox_config.json */,
			);
			name = Resources;
			path = ../Resources;
			sourceTree = "<group>";
		};
		46880B8319C43A87006E1F66 /* Classes */ = {
			isa = PBXGroup;
			children = (
				EBB5577B202C004B00BD6781 /* AvailableScenes.h */,
				EBB5578C202C004E00BD6781 /* GameScene.cpp */,
				EBB5578B202C004E00BD6781 /* GameScene.h */,
				EBB55796202C005000BD6781 /* MainMenuScene.cpp */,
				EBB5578D202C004E00BD6781 /* MainMenuScene.h */,
				EBB55784202C004C00BD6781 /* MKAssertions.h */,
				EBB55782202C004C00BD6781 /* MKInput.h */,
				EBB55787202C004D00BD6781 /* MKInputContext.h */,
				EBB5578E202C004F00BD6781 /* MKInputControllerIndex.h */,
				EBB55789202C004D00BD6781 /* MKInputDefinition.cpp */,
				EBB55795202C005000BD6781 /* MKInputDefinition.h */,
				EBB5576F202C004800BD6781 /* MKInputManager.cpp */,
				EBB5576E202C004800BD6781 /* MKInputManager.h */,
				EBB55781202C004C00BD6781 /* MKInputName.h */,
				EBB55770202C004800BD6781 /* MKJSONHelper.h */,
				EBB55794202C005000BD6781 /* MKKeyboardHandler.cpp */,
				EBB5578F202C004F00BD6781 /* MKKeyboardHandler.h */,
				EBB5577F202C004B00BD6781 /* MKMacros.h */,
				EBB5577E202C004B00BD6781 /* MKMathsHelper.cpp */,
				EBB55786202C004D00BD6781 /* MKMathsHelper.h */,
				EBB5578A202C004E00BD6781 /* MKPasskey.h */,
				EBB5577A202C004A00BD6781 /* MKPlayerData.cpp */,
				EBB55771202C004900BD6781 /* MKPlayerData.h */,
				EBB5577D202C004B00BD6781 /* MKScene.h */,
				EBB55797202C005000BD6781 /* MKSceneMacros.h */,
				EBB55790202C004F00BD6781 /* MKSceneManager.cpp */,
				EBB55773202C004900BD6781 /* MKSceneManager.h */,
				EBB5576B202C004700BD6781 /* MKShopData.cpp */,
				EBB5576C202C004800BD6781 /* MKShopData.h */,
				EBB55788202C004D00BD6781 /* MKShopItem_Background.h */,
				EBB55791202C004F00BD6781 /* MKShopItem.h */,
				EBB55785202C004D00BD6781 /* MKSingletonTemplate.h */,
				EBB5577C202C004B00BD6781 /* MKSprite.cpp */,
				EBB55772202C004900BD6781 /* MKSprite.h */,
				EBB55774202C004900BD6781 /* MKTouchHandler.cpp */,
				EBB55783202C004C00BD6781 /* MKTouchHandler.h */,
				EBB55776202C004A00BD6781 /* PauseScene.cpp */,
				EBB55778202C004A00BD6781 /* PauseScene.h */,
				EBB55792202C004F00BD6781 /* SettingsScene.cpp */,
				EBB55775202C004900BD6781 /* SettingsScene.h */,
				EBB55777202C004A00BD6781 /* ShopScene.cpp */,
				EBB55793202C005000BD6781 /* ShopScene.h */,
				EBB55780202C004C00BD6781 /* StartScreenScene.cpp */,
				EBB55779202C004A00BD6781 /* StartScreenScene.h */,
				EBB5576D202C004800BD6781 /* UICreator.h */,
				EBB55748202C003800BD6781 /* GTCharacterStatNode.cpp */,
				EBB55749202C003800BD6781 /* GTCharacterStatNode.h */,
				EBB55756202C003A00BD6781 /* GTCleanSlatePowerUp.cpp */,
				EBB55757202C003A00BD6781 /* GTCleanSlatePowerUp.h */,
				EBB55755202C003A00BD6781 /* GTCollisionCategory.h */,
				EBB5575B202C003B00BD6781 /* GTGameplayMacros.h */,
				EBB5573F202C003700BD6781 /* GTInvulnerablePowerUp.cpp */,
				EBB5574A202C003800BD6781 /* GTInvulnerablePowerUp.h */,
				EBB55740202C003700BD6781 /* GTObstacle_Laser.cpp */,
				EBB5575A202C003B00BD6781 /* GTObstacle_Laser.h */,
				EBB55744202C003700BD6781 /* GTObstacle_Missile.cpp */,
				EBB55750202C003900BD6781 /* GTObstacle_Missile.h */,
				EBB5574B202C003800BD6781 /* GTObstacle_Saw.cpp */,
				EBB55746202C003700BD6781 /* GTObstacle_Saw.h */,
				EBB55753202C003900BD6781 /* GTObstacle_Spike.cpp */,
				EBB55747202C003800BD6781 /* GTObstacle_Spike.h */,
				EBB55745202C003700BD6781 /* GTObstacleNode.cpp */,
				EBB55751202C003900BD6781 /* GTObstacleNode.h */,
				EBB5574F202C003900BD6781 /* GTObstacleSpawner.cpp */,
				EBB55741202C003700BD6781 /* GTObstacleSpawner.h */,
				EBB55752202C003900BD6781 /* GTPowerUp.h */,
				EBB5575C202C003B00BD6781 /* GTPowerUpSpawner.cpp */,
				EBB55759202C003A00BD6781 /* GTPowerUpSpawner.h */,
				EBB5574D202C003800BD6781 /* GTSlowTimePowerUp.cpp */,
				EBB55742202C003700BD6781 /* GTSlowTimePowerUp.h */,
				EBB55754202C003A00BD6781 /* GTSphereShield.cpp */,
				EBB5573E202C003600BD6781 /* GTSphereShield.h */,
				EBB55758202C003A00BD6781 /* GTSphereShieldPowerUp.cpp */,
				EBB5574C202C003800BD6781 /* GTSphereShieldPowerUp.h */,
				EBB55743202C003700BD6781 /* SH_TestScene.cpp */,
				EBB5574E202C003900BD6781 /* SH_TestScene.h */,
				EBB5573A202C002900BD6781 /* GTMacros.h */,
				EBB5573B202C002900BD6781 /* GTSimperMusicSys.cpp */,
				EBB5573C202C002A00BD6781 /* GTSimperMusicSys.h */,
				EBB55732202C002200BD6781 /* GTAnimationHandlerNode.cpp */,
				EBB55735202C002200BD6781 /* GTAnimationHandlerNode.h */,
				EBB55731202C002200BD6781 /* GTAnimTransAct.cpp */,
				EBB55736202C002200BD6781 /* GTAnimTransAct.h */,
				EBB55733202C002200BD6781 /* GTDestroySelfAct.cpp */,
				EBB55734202C002200BD6781 /* GTDestroySelfAct.h */,
				EBB5572E202C001C00BD6781 /* GTFollowNodeAction.h */,
				EBB5572F202C001C00BD6781 /* GTMoveBySinAction.h */,
				EBB55730202C001C00BD6781 /* GTPlaySoundAction.h */,
				EBB5572D202C001C00BD6781 /* GTRemoveFromParentAction.h */,
				EBB5572B202C001C00BD6781 /* GTRepeatActionInstantForever.h */,
				EBB5572C202C001C00BD6781 /* GTScaleUpAndDownAction.h */,
				EBB55729202C001500BD6781 /* AppDelegate.cpp */,
				EBB55728202C001500BD6781 /* AppDelegate.h */,
			);
			name = Classes;
			path = ../Classes;
			sourceTree = "<group>";
		};
		503AE0F517EB97AB00D1A890 /* Icons */ = {
			isa = PBXGroup;
			children = (
				503AE0F617EB97AB00D1A890 /* Icon.icns */,
				503AE0F717EB97AB00D1A890 /* Info.plist */,
			);
			name = Icons;
			path = mac;
			sourceTree = SOURCE_ROOT;
		};
		503AE10617EB990700D1A890 /* mac */ = {
			isa = PBXGroup;
			children = (
				503AE0F517EB97AB00D1A890 /* Icons */,
				503AE10317EB98FF00D1A890 /* main.cpp */,
				503AE10417EB98FF00D1A890 /* Prefix.pch */,
			);
			name = mac;
			sourceTree = "<group>";
		};
		5087E77117EB970100C73F5D /* Icons */ = {
			isa = PBXGroup;
			children = (
				521A8E6219F0C34300D177D7 /* Default-667h@2x.png */,
				521A8E6319F0C34300D177D7 /* Default-736h@3x.png */,
				5087E77217EB970100C73F5D /* Default-568h@2x.png */,
				5087E77317EB970100C73F5D /* Default.png */,
				5087E77417EB970100C73F5D /* Default@2x.png */,
				50EF62A017ECD613001EB2F8 /* Icon-29.png */,
				50EF62A117ECD613001EB2F8 /* Icon-50.png */,
				50EF629217ECD46A001EB2F8 /* Icon-40.png */,
				50EF629317ECD46A001EB2F8 /* Icon-58.png */,
				50EF629417ECD46A001EB2F8 /* Icon-80.png */,
				50EF629517ECD46A001EB2F8 /* Icon-100.png */,
				5087E77517EB970100C73F5D /* Icon-114.png */,
				5087E77617EB970100C73F5D /* Icon-120.png */,
				5087E77717EB970100C73F5D /* Icon-144.png */,
				5087E77817EB970100C73F5D /* Icon-152.png */,
				5087E77917EB970100C73F5D /* Icon-57.png */,
				5087E77A17EB970100C73F5D /* Icon-72.png */,
				5087E77B17EB970100C73F5D /* Icon-76.png */,
				5087E77C17EB970100C73F5D /* Info.plist */,
			);
			name = Icons;
			path = ios;
			sourceTree = SOURCE_ROOT;
		};
/* End PBXGroup section */

/* Begin PBXNativeTarget section */
		1D6058900D05DD3D006BFB54 /* AssignmentTwo-mobile */ = {
			isa = PBXNativeTarget;
			buildConfigurationList = 1D6058960D05DD3E006BFB54 /* Build configuration list for PBXNativeTarget "AssignmentTwo-mobile" */;
			buildPhases = (
				1D60588D0D05DD3D006BFB54 /* Resources */,
				1D60588E0D05DD3D006BFB54 /* Sources */,
				1D60588F0D05DD3D006BFB54 /* Frameworks */,
			);
			buildRules = (
			);
			dependencies = (
				1AC6FB25180E99E1004C840B /* PBXTargetDependency */,
			);
			name = "AssignmentTwo-mobile";
			productName = iphone;
			productReference = 1D6058910D05DD3D006BFB54 /* AssignmentTwo-mobile.app */;
			productType = "com.apple.product-type.application";
		};
		5087E73D17EB910900C73F5D /* AssignmentTwo-desktop */ = {
			isa = PBXNativeTarget;
			buildConfigurationList = 5087E76C17EB910900C73F5D /* Build configuration list for PBXNativeTarget "AssignmentTwo-desktop" */;
			buildPhases = (
				5087E74817EB910900C73F5D /* Resources */,
				5087E75617EB910900C73F5D /* Sources */,
				5087E75C17EB910900C73F5D /* Frameworks */,
			);
			buildRules = (
			);
			dependencies = (
				1AC6FB16180E9959004C840B /* PBXTargetDependency */,
			);
			name = "AssignmentTwo-desktop";
			productName = iphone;
			productReference = 5087E76F17EB910900C73F5D /* AssignmentTwo-desktop.app */;
			productType = "com.apple.product-type.application";
		};
/* End PBXNativeTarget section */

/* Begin PBXProject section */
		29B97313FDCFA39411CA2CEA /* Project object */ = {
			isa = PBXProject;
			attributes = {
				LastUpgradeCheck = 0500;
				TargetAttributes = {
					1D6058900D05DD3D006BFB54 = {
						DevelopmentTeam = R6CX4RP75W;
					};
				};
			};
			buildConfigurationList = C01FCF4E08A954540054247B /* Build configuration list for PBXProject "AssignmentTwo" */;
			compatibilityVersion = "Xcode 3.2";
			developmentRegion = English;
			hasScannedForEncodings = 1;
			knownRegions = (
				English,
				Japanese,
				French,
				German,
			);
			mainGroup = 29B97314FDCFA39411CA2CEA /* CustomTemplate */;
			projectDirPath = "";
			projectReferences = (
				{
					ProductGroup = 1AC6FAE6180E9839004C840B /* Products */;
					ProjectRef = 1AC6FAE5180E9839004C840B /* cocos2d_libs.xcodeproj */;
				},
			);
			projectRoot = "";
			targets = (
				1D6058900D05DD3D006BFB54 /* AssignmentTwo-mobile */,
				5087E73D17EB910900C73F5D /* AssignmentTwo-desktop */,
			);
		};
/* End PBXProject section */

/* Begin PBXReferenceProxy section */
		1AC6FAF9180E9839004C840B /* libcocos2d Mac.a */ = {
			isa = PBXReferenceProxy;
			fileType = archive.ar;
			path = "libcocos2d Mac.a";
			remoteRef = 1AC6FAF8180E9839004C840B /* PBXContainerItemProxy */;
			sourceTree = BUILT_PRODUCTS_DIR;
		};
		1AC6FB07180E9839004C840B /* libcocos2d iOS.a */ = {
			isa = PBXReferenceProxy;
			fileType = archive.ar;
			path = "libcocos2d iOS.a";
			remoteRef = 1AC6FB06180E9839004C840B /* PBXContainerItemProxy */;
			sourceTree = BUILT_PRODUCTS_DIR;
		};
		EB3045AE1FE79A5F008B8585 /* libcocos2d tvOS.a */ = {
			isa = PBXReferenceProxy;
			fileType = archive.ar;
			path = "libcocos2d tvOS.a";
			remoteRef = EB3045AD1FE79A5F008B8585 /* PBXContainerItemProxy */;
			sourceTree = BUILT_PRODUCTS_DIR;
		};
/* End PBXReferenceProxy section */

/* Begin PBXResourcesBuildPhase section */
		1D60588D0D05DD3D006BFB54 /* Resources */ = {
			isa = PBXResourcesBuildPhase;
			buildActionMask = 2147483647;
			files = (
				EBB55711202BFE5000BD6781 /* ButtonSelected.png in Resources */,
				EBB5570E202BFE5000BD6781 /* ButtonNormal.png in Resources */,
				EBB55718202BFE5000BD6781 /* BackButton.png in Resources */,
				EBB55727202BFE5000BD6781 /* SliderBall.png in Resources */,
				5087E78117EB970100C73F5D /* Icon-120.png in Resources */,
				EBB55726202BFE5000BD6781 /* GameData in Resources */,
				EBB55714202BFE5000BD6781 /* Shaders in Resources */,
				5087E78617EB970100C73F5D /* Icon-76.png in Resources */,
				EBB55717202BFE5000BD6781 /* FacebookLoginButton.png in Resources */,
				EBB5571F202BFE5000BD6781 /* CloseNormal.png in Resources */,
				5087E77F17EB970100C73F5D /* Default@2x.png in Resources */,
				50EF629917ECD46A001EB2F8 /* Icon-100.png in Resources */,
				EBB55725202BFE5000BD6781 /* FacebookLogoutButton.png in Resources */,
				EBB55721202BFE5000BD6781 /* PauseIcon.png in Resources */,
				5087E78317EB970100C73F5D /* Icon-152.png in Resources */,
				5087E77D17EB970100C73F5D /* Default-568h@2x.png in Resources */,
				EBB5571E202BFE5000BD6781 /* FacebookButton.png in Resources */,
				5087E78517EB970100C73F5D /* Icon-72.png in Resources */,
				EBB5571A202BFE5000BD6781 /* Textures in Resources */,
				EBB55713202BFE5000BD6781 /* ProgressBar.png in Resources */,
				521A8E6519F0C34300D177D7 /* Default-736h@3x.png in Resources */,
				50EF62A317ECD613001EB2F8 /* Icon-50.png in Resources */,
				EBB5571C202BFE5000BD6781 /* FacebookButtonSelected.png in Resources */,
				EBB55715202BFE5000BD6781 /* SliderBar.png in Resources */,
				5087E78017EB970100C73F5D /* Icon-114.png in Resources */,
				50EF62A217ECD613001EB2F8 /* Icon-29.png in Resources */,
				EBB55710202BFE5000BD6781 /* mainspritecharaidlespritesheet.png in Resources */,
				50EF629617ECD46A001EB2F8 /* Icon-40.png in Resources */,
				EBB55712202BFE5000BD6781 /* fonts in Resources */,
				5087E78217EB970100C73F5D /* Icon-144.png in Resources */,
				EBB55723202BFE5000BD6781 /* Audio in Resources */,
				EBB55719202BFE5000BD6781 /* FacebookLoginButtonSelected.png in Resources */,
				50EF629817ECD46A001EB2F8 /* Icon-80.png in Resources */,
				EBB55720202BFE5000BD6781 /* SpriteAnim in Resources */,
				EBB5570F202BFE5000BD6781 /* FacebookLogoutButtonSelected.png in Resources */,
				EBB5571D202BFE5000BD6781 /* CloseSelected.png in Resources */,
				5087E78417EB970100C73F5D /* Icon-57.png in Resources */,
				5087E77E17EB970100C73F5D /* Default.png in Resources */,
				EBB5571B202BFE5000BD6781 /* Player in Resources */,
				521A8E6419F0C34300D177D7 /* Default-667h@2x.png in Resources */,
				EBB55716202BFE5000BD6781 /* Tileset in Resources */,
				50EF629717ECD46A001EB2F8 /* Icon-58.png in Resources */,
				EBB55724202BFE5000BD6781 /* HelloWorld.png in Resources */,
				EBB55722202BFE5000BD6781 /* PlaceHolder in Resources */,
				241E4FA58074205B445032E6 /* sdkbox_config.json in Resources */,
			);
			runOnlyForDeploymentPostprocessing = 0;
		};
		5087E74817EB910900C73F5D /* Resources */ = {
			isa = PBXResourcesBuildPhase;
			buildActionMask = 2147483647;
			files = (
				503AE0F817EB97AB00D1A890 /* Icon.icns in Resources */,
			);
			runOnlyForDeploymentPostprocessing = 0;
		};
/* End PBXResourcesBuildPhase section */

/* Begin PBXSourcesBuildPhase section */
		1D60588E0D05DD3D006BFB54 /* Sources */ = {
			isa = PBXSourcesBuildPhase;
			buildActionMask = 2147483647;
			files = (
				EBB557A3202C005100BD6781 /* MKSceneManager.cpp in Sources */,
				EBB5579D202C005100BD6781 /* MKPlayerData.cpp in Sources */,
				EBB55762202C003B00BD6781 /* GTCharacterStatNode.cpp in Sources */,
				EBB5579C202C005100BD6781 /* ShopScene.cpp in Sources */,
				EBB55763202C003B00BD6781 /* GTObstacle_Saw.cpp in Sources */,
				EBB5573D202C002A00BD6781 /* GTSimperMusicSys.cpp in Sources */,
				EBB5575E202C003B00BD6781 /* GTObstacle_Laser.cpp in Sources */,
				EBB55738202C002200BD6781 /* GTAnimationHandlerNode.cpp in Sources */,
				EBB5575F202C003B00BD6781 /* SH_TestScene.cpp in Sources */,
				EBB557A5202C005100BD6781 /* MKKeyboardHandler.cpp in Sources */,
				EBB55767202C003B00BD6781 /* GTSphereShield.cpp in Sources */,
				EBB5572A202C001600BD6781 /* AppDelegate.cpp in Sources */,
				EBB5576A202C003B00BD6781 /* GTPowerUpSpawner.cpp in Sources */,
				EBB5579E202C005100BD6781 /* MKSprite.cpp in Sources */,
				EBB55765202C003B00BD6781 /* GTObstacleSpawner.cpp in Sources */,
				EBB5579A202C005100BD6781 /* MKTouchHandler.cpp in Sources */,
				EBB55769202C003B00BD6781 /* GTSphereShieldPowerUp.cpp in Sources */,
				EBB55764202C003B00BD6781 /* GTSlowTimePowerUp.cpp in Sources */,
				503AE10017EB989F00D1A890 /* AppController.mm in Sources */,
				503AE10217EB989F00D1A890 /* RootViewController.mm in Sources */,
				EBB5579B202C005100BD6781 /* PauseScene.cpp in Sources */,
				EBB557A2202C005100BD6781 /* GameScene.cpp in Sources */,
				EBB55739202C002200BD6781 /* GTDestroySelfAct.cpp in Sources */,
				EBB55760202C003B00BD6781 /* GTObstacle_Missile.cpp in Sources */,
				EBB5575D202C003B00BD6781 /* GTInvulnerablePowerUp.cpp in Sources */,
				EBB55798202C005100BD6781 /* MKShopData.cpp in Sources */,
				EBB557A1202C005100BD6781 /* MKInputDefinition.cpp in Sources */,
				EBB55766202C003B00BD6781 /* GTObstacle_Spike.cpp in Sources */,
				EBB55737202C002200BD6781 /* GTAnimTransAct.cpp in Sources */,
				EBB5579F202C005100BD6781 /* MKMathsHelper.cpp in Sources */,
				EBB557A0202C005100BD6781 /* StartScreenScene.cpp in Sources */,
				EBB557A6202C005100BD6781 /* MainMenuScene.cpp in Sources */,
				EBB557A4202C005100BD6781 /* SettingsScene.cpp in Sources */,
				EBB55768202C003B00BD6781 /* GTCleanSlatePowerUp.cpp in Sources */,
				EBB55761202C003B00BD6781 /* GTObstacleNode.cpp in Sources */,
				EBB55799202C005100BD6781 /* MKInputManager.cpp in Sources */,
				503AE10117EB989F00D1A890 /* main.m in Sources */,
			);
			runOnlyForDeploymentPostprocessing = 0;
		};
		5087E75617EB910900C73F5D /* Sources */ = {
			isa = PBXSourcesBuildPhase;
			buildActionMask = 2147483647;
			files = (
				503AE10517EB98FF00D1A890 /* main.cpp in Sources */,
			);
			runOnlyForDeploymentPostprocessing = 0;
		};
/* End PBXSourcesBuildPhase section */

/* Begin PBXTargetDependency section */
		1AC6FB16180E9959004C840B /* PBXTargetDependency */ = {
			isa = PBXTargetDependency;
			name = "cocos2dx Mac";
			targetProxy = 1AC6FB15180E9959004C840B /* PBXContainerItemProxy */;
		};
		1AC6FB25180E99E1004C840B /* PBXTargetDependency */ = {
			isa = PBXTargetDependency;
			name = "cocos2dx iOS";
			targetProxy = 1AC6FB24180E99E1004C840B /* PBXContainerItemProxy */;
		};
/* End PBXTargetDependency section */

/* Begin XCBuildConfiguration section */
		1D6058940D05DD3E006BFB54 /* Debug */ = {
			isa = XCBuildConfiguration;
			buildSettings = {
				ALWAYS_SEARCH_USER_PATHS = YES;
				CODE_SIGN_IDENTITY = "iPhone Developer";
				COMPRESS_PNG_FILES = NO;
				DEVELOPMENT_TEAM = R6CX4RP75W;
				ENABLE_BITCODE = NO;
				FRAMEWORK_SEARCH_PATHS = (
					"$(inherited)",
					"$(PROJECT_DIR)",
					"\"$(SRCROOT)\"",
				);
				GCC_DYNAMIC_NO_PIC = NO;
				GCC_INLINES_ARE_PRIVATE_EXTERN = NO;
				GCC_PRECOMPILE_PREFIX_HEADER = YES;
				GCC_PREFIX_HEADER = ios/Prefix.pch;
				GCC_PREPROCESSOR_DEFINITIONS = (
					USE_FILE32API,
					"COCOS2D_DEBUG=1",
					"CC_ENABLE_CHIPMUNK_INTEGRATION=1",
				);
				GCC_SYMBOLS_PRIVATE_EXTERN = NO;
				HEADER_SEARCH_PATHS = "$(inherited)";
				INFOPLIST_FILE = ios/Info.plist;
				IPHONEOS_DEPLOYMENT_TARGET = 6.0;
				LIBRARY_SEARCH_PATHS = (
					"\"sdkbox.framework\"",
					"\"PluginFacebook.framework\"",
					"\"FBSDKCoreKit.framework\"",
					"\"FBSDKLoginKit.framework\"",
					"\"FBSDKShareKit.framework\"",
					"\"Bolts.framework\"",
				);
				OTHER_CFLAGS = "-DSDKBOX_ENABLED";
				OTHER_LDFLAGS = (
					"$(_COCOS_LIB_IOS_BEGIN)",
					"$(_COCOS_LIB_IOS_END)",
				);
				PRODUCT_BUNDLE_IDENTIFIER = leng.peng.SekHeng;
				SDKROOT = iphoneos;
				STRIP_PNG_TEXT = NO;
				TARGETED_DEVICE_FAMILY = "1,2";
				USER_HEADER_SEARCH_PATHS = "$(_COCOS_HEADER_IOS_BEGIN) $(_COCOS_HEADER_IOS_END)";
				VALID_ARCHS = "arm64 armv7";
			};
			name = Debug;
		};
		1D6058950D05DD3E006BFB54 /* Release */ = {
			isa = XCBuildConfiguration;
			buildSettings = {
				ALWAYS_SEARCH_USER_PATHS = YES;
				CODE_SIGN_IDENTITY = "iPhone Developer";
				COMPRESS_PNG_FILES = NO;
				DEVELOPMENT_TEAM = R6CX4RP75W;
				ENABLE_BITCODE = NO;
				FRAMEWORK_SEARCH_PATHS = (
					"$(inherited)",
					"$(PROJECT_DIR)",
					"\"$(SRCROOT)\"",
				);
				GCC_INLINES_ARE_PRIVATE_EXTERN = NO;
				GCC_PRECOMPILE_PREFIX_HEADER = YES;
				GCC_PREFIX_HEADER = ios/Prefix.pch;
				GCC_PREPROCESSOR_DEFINITIONS = (
					USE_FILE32API,
					"CC_ENABLE_CHIPMUNK_INTEGRATION=1",
					NDEBUG,
				);
				GCC_SYMBOLS_PRIVATE_EXTERN = NO;
				HEADER_SEARCH_PATHS = "$(inherited)";
				INFOPLIST_FILE = ios/Info.plist;
				IPHONEOS_DEPLOYMENT_TARGET = 6.0;
				LIBRARY_SEARCH_PATHS = (
					"\"sdkbox.framework\"",
					"\"PluginFacebook.framework\"",
					"\"FBSDKCoreKit.framework\"",
					"\"FBSDKLoginKit.framework\"",
					"\"FBSDKShareKit.framework\"",
					"\"Bolts.framework\"",
				);
				OTHER_CFLAGS = "-DSDKBOX_ENABLED";
				OTHER_LDFLAGS = (
					"$(_COCOS_LIB_IOS_BEGIN)",
					"$(_COCOS_LIB_IOS_END)",
				);
				PRODUCT_BUNDLE_IDENTIFIER = leng.peng.SekHeng;
				SDKROOT = iphoneos;
				STRIP_PNG_TEXT = NO;
				TARGETED_DEVICE_FAMILY = "1,2";
				USER_HEADER_SEARCH_PATHS = "$(_COCOS_HEADER_IOS_BEGIN) $(_COCOS_HEADER_IOS_END)";
				VALID_ARCHS = "arm64 armv7";
			};
			name = Release;
		};
		5087E76D17EB910900C73F5D /* Debug */ = {
			isa = XCBuildConfiguration;
			buildSettings = {
				ALWAYS_SEARCH_USER_PATHS = YES;
				ARCHS = "$(ARCHS_STANDARD_64_BIT)";
				CLANG_CXX_LANGUAGE_STANDARD = "c++0x";
				CLANG_CXX_LIBRARY = "libc++";
				GCC_DYNAMIC_NO_PIC = NO;
				GCC_INLINES_ARE_PRIVATE_EXTERN = NO;
				GCC_PRECOMPILE_PREFIX_HEADER = YES;
				GCC_PREFIX_HEADER = mac/Prefix.pch;
				GCC_PREPROCESSOR_DEFINITIONS = (
					USE_FILE32API,
					"COCOS2D_DEBUG=1",
					"CC_ENABLE_CHIPMUNK_INTEGRATION=1",
				);
				GCC_SYMBOLS_PRIVATE_EXTERN = NO;
				HEADER_SEARCH_PATHS = (
					"$(inherited)",
					"$(SRCROOT)/../cocos2d/external/glfw3/include/mac",
				);
				INFOPLIST_FILE = mac/Info.plist;
				LIBRARY_SEARCH_PATHS = "";
				OTHER_LDFLAGS = (
					"$(_COCOS_LIB_MAC_BEGIN)",
					"$(_COCOS_LIB_MAC_END)",
				);
				USER_HEADER_SEARCH_PATHS = "$(_COCOS_HEADER_MAC_BEGIN) $(_COCOS_HEADER_MAC_END)";
			};
			name = Debug;
		};
		5087E76E17EB910900C73F5D /* Release */ = {
			isa = XCBuildConfiguration;
			buildSettings = {
				ALWAYS_SEARCH_USER_PATHS = YES;
				ARCHS = "$(ARCHS_STANDARD_64_BIT)";
				CLANG_CXX_LANGUAGE_STANDARD = "c++0x";
				CLANG_CXX_LIBRARY = "libc++";
				GCC_INLINES_ARE_PRIVATE_EXTERN = NO;
				GCC_PRECOMPILE_PREFIX_HEADER = YES;
				GCC_PREFIX_HEADER = mac/Prefix.pch;
				GCC_PREPROCESSOR_DEFINITIONS = (
					USE_FILE32API,
					"CC_ENABLE_CHIPMUNK_INTEGRATION=1",
					NDEBUG,
				);
				GCC_SYMBOLS_PRIVATE_EXTERN = NO;
				HEADER_SEARCH_PATHS = (
					"$(inherited)",
					"$(SRCROOT)/../cocos2d/external/glfw3/include/mac",
				);
				INFOPLIST_FILE = mac/Info.plist;
				LIBRARY_SEARCH_PATHS = "";
				OTHER_LDFLAGS = (
					"$(_COCOS_LIB_MAC_BEGIN)",
					"$(_COCOS_LIB_MAC_END)",
				);
				USER_HEADER_SEARCH_PATHS = "$(_COCOS_HEADER_MAC_BEGIN) $(_COCOS_HEADER_MAC_END)";
			};
			name = Release;
		};
		C01FCF4F08A954540054247B /* Debug */ = {
			isa = XCBuildConfiguration;
			buildSettings = {
				CLANG_CXX_LANGUAGE_STANDARD = "c++0x";
				CLANG_CXX_LIBRARY = "libc++";
				COPY_PHASE_STRIP = NO;
				GCC_OPTIMIZATION_LEVEL = 0;
				GCC_WARN_ABOUT_RETURN_TYPE = YES;
				GCC_WARN_UNUSED_VARIABLE = YES;
				HEADER_SEARCH_PATHS = (
					"$(SRCROOT)/../cocos2d",
					"$(SRCROOT)/../cocos2d/cocos/audio/include",
					"$(SRCROOT)/../cocos2d/cocos",
					"$(SRCROOT)/../cocos2d/extensions",
					"$(SRCROOT)/../cocos2d/external",
					"$(SRCROOT)/../cocos2d/external/chipmunk/include/chipmunk",
					"$(SRCROOT)/../cocos2d/cocos/editor-support",
				);
				IPHONEOS_DEPLOYMENT_TARGET = 6.0;
				MACOSX_DEPLOYMENT_TARGET = 10.7;
				ONLY_ACTIVE_ARCH = YES;
				PRODUCT_NAME = "$(TARGET_NAME)";
				SDKROOT = macosx;
			};
			name = Debug;
		};
		C01FCF5008A954540054247B /* Release */ = {
			isa = XCBuildConfiguration;
			buildSettings = {
				CLANG_CXX_LANGUAGE_STANDARD = "c++0x";
				CLANG_CXX_LIBRARY = "libc++";
				GCC_WARN_ABOUT_RETURN_TYPE = YES;
				GCC_WARN_UNUSED_VARIABLE = YES;
				HEADER_SEARCH_PATHS = (
					"$(SRCROOT)/../cocos2d",
					"$(SRCROOT)/../cocos2d/cocos/audio/include",
					"$(SRCROOT)/../cocos2d/cocos",
					"$(SRCROOT)/../cocos2d/extensions",
					"$(SRCROOT)/../cocos2d/external",
					"$(SRCROOT)/../cocos2d/external/chipmunk/include/chipmunk",
					"$(SRCROOT)/../cocos2d/cocos/editor-support",
				);
				IPHONEOS_DEPLOYMENT_TARGET = 6.0;
				MACOSX_DEPLOYMENT_TARGET = 10.7;
				OTHER_CFLAGS = "-DNS_BLOCK_ASSERTIONS=1";
				PRODUCT_NAME = "$(TARGET_NAME)";
				SDKROOT = macosx;
				VALIDATE_PRODUCT = YES;
			};
			name = Release;
		};
/* End XCBuildConfiguration section */

/* Begin XCConfigurationList section */
		1D6058960D05DD3E006BFB54 /* Build configuration list for PBXNativeTarget "AssignmentTwo-mobile" */ = {
			isa = XCConfigurationList;
			buildConfigurations = (
				1D6058940D05DD3E006BFB54 /* Debug */,
				1D6058950D05DD3E006BFB54 /* Release */,
			);
			defaultConfigurationIsVisible = 0;
			defaultConfigurationName = Debug;
		};
		5087E76C17EB910900C73F5D /* Build configuration list for PBXNativeTarget "AssignmentTwo-desktop" */ = {
			isa = XCConfigurationList;
			buildConfigurations = (
				5087E76D17EB910900C73F5D /* Debug */,
				5087E76E17EB910900C73F5D /* Release */,
			);
			defaultConfigurationIsVisible = 0;
			defaultConfigurationName = Debug;
		};
		C01FCF4E08A954540054247B /* Build configuration list for PBXProject "AssignmentTwo" */ = {
			isa = XCConfigurationList;
			buildConfigurations = (
				C01FCF4F08A954540054247B /* Debug */,
				C01FCF5008A954540054247B /* Release */,
			);
			defaultConfigurationIsVisible = 0;
			defaultConfigurationName = Debug;
		};
/* End XCConfigurationList section */
	};
	rootObject = 29B97313FDCFA39411CA2CEA /* Project object */;
}
