<?xml version="1.0" encoding="utf-8"?>
<Project ToolsVersion="4.0" xmlns="http://schemas.microsoft.com/developer/msbuild/2003">
  <ItemGroup>
    <Filter Include="win32">
      <UniqueIdentifier>{84a8ebd7-7cf0-47f6-b75e-d441df67da40}</UniqueIdentifier>
    </Filter>
    <Filter Include="resource">
      <UniqueIdentifier>{715254bc-d70b-4ec5-bf29-467dd3ace079}</UniqueIdentifier>
    </Filter>
    <Filter Include="src">
      <UniqueIdentifier>{bb6c862e-70e9-49d9-81b7-3829a6f50471}</UniqueIdentifier>
    </Filter>
    <Filter Include="MK">
      <UniqueIdentifier>{5e430df4-0c8d-4884-b026-ce5923a16c8f}</UniqueIdentifier>
    </Filter>
    <Filter Include="MK\Common">
      <UniqueIdentifier>{2b1f798e-4f13-4546-8cae-f42c00438e3d}</UniqueIdentifier>
    </Filter>
    <Filter Include="MK\Input">
      <UniqueIdentifier>{3dfc451b-fdab-4458-9a57-e06f1d28ddb3}</UniqueIdentifier>
    </Filter>
    <Filter Include="MK\SceneManagement">
      <UniqueIdentifier>{4d78e300-3918-4987-adb1-f40e02693f3c}</UniqueIdentifier>
    </Filter>
    <Filter Include="Scene">
      <UniqueIdentifier>{9fe1cc27-ca39-4f2c-b1fb-0825799ad67e}</UniqueIdentifier>
    </Filter>
    <Filter Include="GT">
      <UniqueIdentifier>{49aae912-44d8-4b2a-8a1d-f753a656128c}</UniqueIdentifier>
    </Filter>
    <Filter Include="GT\Anim Related">
      <UniqueIdentifier>{2f5eae7b-3341-4a1c-bcd4-e962ce7ddb63}</UniqueIdentifier>
    </Filter>
    <Filter Include="GT\Music">
      <UniqueIdentifier>{1c66e851-bd6b-4b85-9360-af5da407cb5b}</UniqueIdentifier>
    </Filter>
    <Filter Include="GT\Game Logic">
      <UniqueIdentifier>{ac1f8e4c-0130-4561-be90-fca84b936798}</UniqueIdentifier>
    </Filter>
    <Filter Include="MK\Graphics">
      <UniqueIdentifier>{6da56af1-2c92-4fb5-b832-0d6520c08149}</UniqueIdentifier>
    </Filter>
    <Filter Include="UI">
      <UniqueIdentifier>{3388f86c-15a1-48b6-9e78-d41066a8aa24}</UniqueIdentifier>
    </Filter>
  </ItemGroup>
  <ItemGroup>
    <ClCompile Include="main.cpp">
      <Filter>win32</Filter>
    </ClCompile>
    <ClCompile Include="..\Classes\AppDelegate.cpp">
      <Filter>src</Filter>
    </ClCompile>
    <ClCompile Include="..\Classes\MK\Input\MKInputDefinition.cpp">
      <Filter>MK\Input</Filter>
    </ClCompile>
    <ClCompile Include="..\Classes\MK\Input\MKInputManager.cpp">
      <Filter>MK\Input</Filter>
    </ClCompile>
    <ClCompile Include="..\Classes\MK\Input\MKKeyboardHandler.cpp">
      <Filter>MK\Input</Filter>
    </ClCompile>
    <ClCompile Include="..\Classes\MK\Input\MKTouchHandler.cpp">
      <Filter>MK\Input</Filter>
    </ClCompile>
    <ClCompile Include="..\Classes\MK\SceneManagement\MKSceneManager.cpp">
      <Filter>MK\SceneManagement</Filter>
    </ClCompile>
    <ClCompile Include="..\Classes\Scenes\HelloWorldScene.cpp">
      <Filter>Scene</Filter>
    </ClCompile>
    <ClCompile Include="..\Classes\GT\AnimationHandlerNode.cpp">
      <Filter>GT\Anim Related</Filter>
    </ClCompile>
    <ClCompile Include="..\Classes\GT\AnimTransAct.cpp">
      <Filter>GT\Anim Related</Filter>
    </ClCompile>
    <ClCompile Include="..\Classes\GT\SimperMusicSys.cpp">
      <Filter>GT\Music</Filter>
    </ClCompile>
    <ClCompile Include="..\Classes\GT\CharacterStatNode.cpp">
      <Filter>GT\Game Logic</Filter>
    </ClCompile>
    <ClCompile Include="..\Classes\Scenes\GameScene.cpp">
      <Filter>Scene</Filter>
    </ClCompile>
    <ClCompile Include="..\Classes\MK\Graphics\MKSprite.cpp">
      <Filter>MK\Graphics</Filter>
    </ClCompile>
    <ClCompile Include="..\Classes\Scenes\GameScene.cpp">
      <Filter>Scene</Filter>
    </ClCompile>
    <ClCompile Include="..\Classes\GT\ObstacleNode.cpp">
      <Filter>GT\Game Logic</Filter>
    </ClCompile>
    <ClCompile Include="..\Classes\Scenes\CrashTestScene.cpp">
      <Filter>Scene</Filter>
    </ClCompile>
    <ClCompile Include="..\Classes\Scenes\StartScreenScene.cpp">
      <Filter>Scene</Filter>
    </ClCompile>
    <ClCompile Include="..\Classes\GT\SH_TestScene.cpp" />
    <ClCompile Include="..\Classes\Scenes\MainMenuScene.cpp">
      <Filter>Scene</Filter>
    </ClCompile>
    <ClCompile Include="..\Classes\Scenes\SettingsScene.cpp">
      <Filter>Scene</Filter>
    </ClCompile>
  </ItemGroup>
  <ItemGroup>
    <ClInclude Include="main.h">
      <Filter>win32</Filter>
    </ClInclude>
    <ClInclude Include="..\Classes\MK\Common\MKAssertions.h">
      <Filter>MK\Common</Filter>
    </ClInclude>
    <ClInclude Include="..\Classes\MK\Common\MKMacros.h">
      <Filter>MK\Common</Filter>
    </ClInclude>
    <ClInclude Include="..\Classes\MK\Common\MKMathsHelper.h">
      <Filter>MK\Common</Filter>
    </ClInclude>
    <ClInclude Include="..\Classes\MK\Common\MKPasskey.h">
      <Filter>MK\Common</Filter>
    </ClInclude>
    <ClInclude Include="..\Classes\MK\Common\MKSingletonTemplate.h">
      <Filter>MK\Common</Filter>
    </ClInclude>
    <ClInclude Include="..\Classes\MK\Input\MKInput.h">
      <Filter>MK\Input</Filter>
    </ClInclude>
    <ClInclude Include="..\Classes\MK\Input\MKInputContext.h">
      <Filter>MK\Input</Filter>
    </ClInclude>
    <ClInclude Include="..\Classes\MK\Input\MKInputControllerIndex.h">
      <Filter>MK\Input</Filter>
    </ClInclude>
    <ClInclude Include="..\Classes\MK\Input\MKInputDefinition.h">
      <Filter>MK\Input</Filter>
    </ClInclude>
    <ClInclude Include="..\Classes\MK\Input\MKInputManager.h">
      <Filter>MK\Input</Filter>
    </ClInclude>
    <ClInclude Include="..\Classes\MK\Input\MKInputName.h">
      <Filter>MK\Input</Filter>
    </ClInclude>
    <ClInclude Include="..\Classes\MK\Input\MKKeyboardHandler.h">
      <Filter>MK\Input</Filter>
    </ClInclude>
    <ClInclude Include="..\Classes\MK\Input\MKTouchHandler.h">
      <Filter>MK\Input</Filter>
    </ClInclude>
    <ClInclude Include="..\Classes\MK\SceneManagement\MKSceneManager.h">
      <Filter>MK\SceneManagement</Filter>
    </ClInclude>
    <ClInclude Include="..\Classes\MK\SceneManagement\MKScene.h">
      <Filter>MK\SceneManagement</Filter>
    </ClInclude>
    <ClInclude Include="..\Classes\AppDelegate.h" />
    <ClInclude Include="..\Classes\Scenes\HelloWorldScene.h">
      <Filter>Scene</Filter>
    </ClInclude>
    <ClInclude Include="..\Classes\Scenes\AvailableScenes.h">
      <Filter>Scene</Filter>
    </ClInclude>
    <ClInclude Include="..\Classes\AppDelegate.h">
      <Filter>src</Filter>
    </ClInclude>
    <ClInclude Include="..\Classes\GT\AnimationHandlerNode.h">
      <Filter>GT\Anim Related</Filter>
    </ClInclude>
    <ClInclude Include="..\Classes\GT\AnimTransAct.h">
      <Filter>GT\Anim Related</Filter>
    </ClInclude>
    <ClInclude Include="..\Classes\GT\SimperMusicSys.h">
      <Filter>GT\Music</Filter>
    </ClInclude>
    <ClInclude Include="..\Classes\GT\CharacterStatNode.h">
      <Filter>GT\Game Logic</Filter>
    </ClInclude>
    <ClInclude Include="..\Classes\Scenes\GameScene.h">
      <Filter>Scene</Filter>
    </ClInclude>
    <ClInclude Include="..\Classes\MK\SceneManagement\MKSceneMacros.h">
      <Filter>MK\SceneManagement</Filter>
    </ClInclude>
    <ClInclude Include="..\Classes\MK\Graphics\MKSprite.h">
      <Filter>MK\Graphics</Filter>
    </ClInclude>
    <ClInclude Include="..\Classes\Scenes\GameScene.h">
      <Filter>Scene</Filter>
    </ClInclude>
    <ClInclude Include="..\Classes\UIClass\UICreator.h">
      <Filter>UI</Filter>
    </ClInclude>
    <ClInclude Include="..\Classes\GT\ObstacleNode.h">
      <Filter>GT\Game Logic</Filter>
    </ClInclude>
    <ClInclude Include="..\Classes\Scenes\CrashTestScene.h">
      <Filter>Scene</Filter>
    </ClInclude>
    <ClInclude Include="..\Classes\Scenes\StartScreenScene.h">
      <Filter>Scene</Filter>
    </ClInclude>
    <ClInclude Include="..\Classes\GT\SH_TestScene.h" />
    <ClInclude Include="..\Classes\Scenes\MainMenuScene.h">
      <Filter>Scene</Filter>
    </ClInclude>
    <ClInclude Include="..\Classes\Scenes\SettingsScene.h">
      <Filter>Scene</Filter>
    </ClInclude>
  </ItemGroup>
  <ItemGroup>
    <ResourceCompile Include="game.rc">
      <Filter>resource</Filter>
    </ResourceCompile>
  </ItemGroup>
</Project>