<?xml version="1.0" encoding="utf-8"?>
<Project ToolsVersion="4.0" xmlns="http://schemas.microsoft.com/developer/msbuild/2003">
  <ItemGroup>
    <Filter Include="win32">
      <UniqueIdentifier>{84a8ebd7-7cf0-47f6-b75e-d441df67da40}</UniqueIdentifier>
    </Filter>
    <Filter Include="resource">
      <UniqueIdentifier>{715254bc-d70b-4ec5-bf29-467dd3ace079}</UniqueIdentifier>
    </Filter>
    <Filter Include="src">
      <UniqueIdentifier>{bb6c862e-70e9-49d9-81b7-3829a6f50471}</UniqueIdentifier>
    </Filter>
    <Filter Include="MK">
      <UniqueIdentifier>{5e430df4-0c8d-4884-b026-ce5923a16c8f}</UniqueIdentifier>
    </Filter>
    <Filter Include="MK\Common">
      <UniqueIdentifier>{2b1f798e-4f13-4546-8cae-f42c00438e3d}</UniqueIdentifier>
    </Filter>
    <Filter Include="MK\Input">
      <UniqueIdentifier>{3dfc451b-fdab-4458-9a57-e06f1d28ddb3}</UniqueIdentifier>
    </Filter>
    <Filter Include="Header">
      <UniqueIdentifier>{df9a1a76-a852-461d-8b5b-d28443b92f32}</UniqueIdentifier>
    </Filter>
  </ItemGroup>
  <ItemGroup>
    <ClCompile Include="main.cpp">
      <Filter>win32</Filter>
    </ClCompile>
    <ClCompile Include="..\Classes\AppDelegate.cpp">
      <Filter>src</Filter>
    </ClCompile>
    <ClCompile Include="..\Classes\HelloWorldScene.cpp">
      <Filter>src</Filter>
    </ClCompile>
    <ClCompile Include="..\MK\Input\MKInputDefinition.cpp">
      <Filter>MK\Input</Filter>
    </ClCompile>
    <ClCompile Include="..\MK\Input\MKInputManager.cpp">
      <Filter>MK\Input</Filter>
    </ClCompile>
    <ClCompile Include="..\MK\Input\MKKeyboardHandler.cpp">
      <Filter>MK\Input</Filter>
    </ClCompile>
    <ClCompile Include="..\Classes\Sek Heng scripts\AnimationHandlerNode.cpp">
      <Filter>src</Filter>
    </ClCompile>
    <ClCompile Include="..\Classes\Sek Heng scripts\AnimTransAct.cpp">
      <Filter>src</Filter>
    </ClCompile>
    <ClCompile Include="..\Classes\Sek Heng scripts\SimperMusicSys.cpp">
      <Filter>src</Filter>
    </ClCompile>
  </ItemGroup>
  <ItemGroup>
    <ClInclude Include="main.h">
      <Filter>win32</Filter>
    </ClInclude>
    <ClInclude Include="..\MK\Input\MKInput.h">
      <Filter>MK\Input</Filter>
    </ClInclude>
    <ClInclude Include="..\MK\Input\MKInputContext.h">
      <Filter>MK\Input</Filter>
    </ClInclude>
    <ClInclude Include="..\MK\Input\MKInputControllerIndex.h">
      <Filter>MK\Input</Filter>
    </ClInclude>
    <ClInclude Include="..\MK\Input\MKInputDefinition.h">
      <Filter>MK\Input</Filter>
    </ClInclude>
    <ClInclude Include="..\MK\Input\MKInputManager.h">
      <Filter>MK\Input</Filter>
    </ClInclude>
    <ClInclude Include="..\MK\Input\MKInputName.h">
      <Filter>MK\Input</Filter>
    </ClInclude>
    <ClInclude Include="..\MK\Common\MKMacros.h">
      <Filter>MK\Common</Filter>
    </ClInclude>
    <ClInclude Include="..\MK\Common\MKSingletonTemplate.h">
      <Filter>MK\Common</Filter>
    </ClInclude>
    <ClInclude Include="..\MK\Input\MKKeyboardHandler.h">
      <Filter>MK\Input</Filter>
    </ClInclude>
    <ClInclude Include="..\MK\Common\MKAssertions.h">
      <Filter>MK\Common</Filter>
    </ClInclude>
    <ClInclude Include="..\MK\Common\MKPasskey.h">
      <Filter>MK\Common</Filter>
    </ClInclude>
    <ClInclude Include="..\Classes\Sek Heng scripts\AnimationHandlerNode.h">
      <Filter>Header</Filter>
    </ClInclude>
    <ClInclude Include="..\Classes\Sek Heng scripts\AnimTransAct.h">
      <Filter>Header</Filter>
    </ClInclude>
    <ClInclude Include="..\Classes\AppDelegate.h">
      <Filter>Header</Filter>
    </ClInclude>
    <ClInclude Include="..\Classes\HelloWorldScene.h">
      <Filter>Header</Filter>
    </ClInclude>
    <ClInclude Include="..\Classes\Sek Heng scripts\SimperMusicSys.h">
      <Filter>Header</Filter>
    </ClInclude>
  </ItemGroup>
  <ItemGroup>
    <ResourceCompile Include="game.rc">
      <Filter>resource</Filter>
    </ResourceCompile>
  </ItemGroup>
</Project>